
Microsoft Visual Studio Solution File, Format Version 12.00
# Visual Studio Version 17
VisualStudioVersion = 17.1.32319.34
MinimumVisualStudioVersion = 10.0.40219.1
Project("{9A19103F-16F7-4668-BE54-9A1E7A4F7556}") = "context.switching", "context.switching\context.switching.csproj", "{319EE5CD-AD11-4E52-9DB1-2A6C342916F0}"
EndProject
Project("{9A19103F-16F7-4668-BE54-9A1E7A4F7556}") = "daemon", "daemon\daemon.csproj", "{48203DD6-4FA0-41C3-8EED-B8E3342BC1D4}"
EndProject
Project("{9A19103F-16F7-4668-BE54-9A1E7A4F7556}") = "asynchronous.exceptions", "asynchronous.exceptions\asynchronous.exceptions.csproj", "{ED037B9C-1A95-4E11-8129-51E6D20C1C9B}"
EndProject
Project("{9A19103F-16F7-4668-BE54-9A1E7A4F7556}") = "parameters", "parameters\parameters.csproj", "{BDF08B9D-9F54-4999-9E3B-61DC8C7D4E8C}"
EndProject
Project("{9A19103F-16F7-4668-BE54-9A1E7A4F7556}") = "bound.variables", "bound.variables\bound.variables.csproj", "{7F15F778-3CF4-4B20-9C44-893D16D986F9}"
EndProject
Project("{9A19103F-16F7-4668-BE54-9A1E7A4F7556}") = "vector.modulus.test", "vector.modulus.test\vector.modulus.test.csproj", "{9E99957C-6941-4252-8DCB-52355108AE55}"
EndProject
Project("{9A19103F-16F7-4668-BE54-9A1E7A4F7556}") = "processes", "..\processes.threads\processes\processes.csproj", "{74A1DAB0-7D7F-46A1-908D-3FED31E025AF}"
EndProject
Project("{9A19103F-16F7-4668-BE54-9A1E7A4F7556}") = "threads", "..\processes.threads\threads\threads.csproj", "{44D133ED-0A38-4DE8-A590-90D7734E6230}"
EndProject
Project("{9A19103F-16F7-4668-BE54-9A1E7A4F7556}") = "explicit.task.creation", "..\tasks\tasks\tasks\explicit.task.creation.csproj", "{2DA8AA72-7EDB-48B3-8C1E-B94581D0BF77}"
EndProject
Project("{9A19103F-16F7-4668-BE54-9A1E7A4F7556}") = "task.run", "..\tasks\tasks\task.run\task.run.csproj", "{0CB1A5EB-7F75-428E-8389-0B50F29B9352}"
EndProject
Project("{9A19103F-16F7-4668-BE54-9A1E7A4F7556}") = "task.free.variables", "..\tasks\tasks\task.free.variables\task.free.variables.csproj", "{AB3699D8-2926-4B32-9991-257FFA99B94B}"
EndProject
Project("{9A19103F-16F7-4668-BE54-9A1E7A4F7556}") = "task.state.object", "..\tasks\tasks\task.state.object\task.state.object.csproj", "{B8749CBA-EB4A-482D-98D1-B1C89A4EB9EF}"
EndProject
Project("{9A19103F-16F7-4668-BE54-9A1E7A4F7556}") = "task.composition", "..\tasks\tasks\task.composition\task.composition.csproj", "{875BAF4B-308D-4F23-9DC6-DF2E2122F30E}"
EndProject
Project("{9A19103F-16F7-4668-BE54-9A1E7A4F7556}") = "task.exception", "..\tasks\tasks\task.exception\task.exception.csproj", "{59E9D7EF-589B-45CE-819B-F218234A306D}"
EndProject
Project("{9A19103F-16F7-4668-BE54-9A1E7A4F7556}") = "callback", "..\asynchronous.calls\callback\callback.csproj", "{C10F116D-18E0-4648-9ABD-DDBE493D4B28}"
EndProject
Project("{9A19103F-16F7-4668-BE54-9A1E7A4F7556}") = "concurrent", "..\asynchronous.calls\concurrent\concurrent.csproj", "{C9E43BAF-5E25-495F-9C69-EB64EA999E9D}"
EndProject
Project("{9A19103F-16F7-4668-BE54-9A1E7A4F7556}") = "sequential", "..\asynchronous.calls\sequential\sequential.csproj", "{FD92A1C4-D4CB-49D6-9497-0825372F097B}"
EndProject
Project("{9A19103F-16F7-4668-BE54-9A1E7A4F7556}") = "synchronized.colors", "..\synchronization\synchronized.colors\synchronized.colors.csproj", "{8DC05CCD-67BB-4557-85CB-C82E0238774E}"
EndProject
Project("{9A19103F-16F7-4668-BE54-9A1E7A4F7556}") = "non.synchronized.colors", "..\synchronization\non.synchronized.colors\non.synchronized.colors.csproj", "{0319612D-C666-492A-BB07-4A1893B0EC45}"
EndProject
Project("{9A19103F-16F7-4668-BE54-9A1E7A4F7556}") = "interlocked", "..\synchronization\interlocked\interlocked.csproj", "{BF44F9D7-20CB-49FA-AB13-B8E025D1480F}"
EndProject
Project("{9A19103F-16F7-4668-BE54-9A1E7A4F7556}") = "mutex", "..\synchronization\mutex\mutex.csproj", "{DCE8CD1B-70AB-44D6-BC2A-186587EE0800}"
EndProject
Project("{9A19103F-16F7-4668-BE54-9A1E7A4F7556}") = "accounts.with.deadlock", "..\deadlock\accounts.with.deadlock\accounts.with.deadlock.csproj", "{10CF79DD-1137-42D2-93E3-3F59F1E3AA8E}"
EndProject
Project("{9A19103F-16F7-4668-BE54-9A1E7A4F7556}") = "accounts.without.deadlock", "..\deadlock\accounts.without.deadlock\accounts.without.deadlock.csproj", "{604F0AFD-9F0F-4461-A9BC-B681AFE1202F}"
EndProject
Project("{9A19103F-16F7-4668-BE54-9A1E7A4F7556}") = "ReaderWriterLockSlim", "..\ReaderWriterLockSlim\ReaderWriterLockSlim\ReaderWriterLockSlim.csproj", "{5399B6EB-B48D-4A3E-985C-EE1A62828F21}"
EndProject
Project("{9A19103F-16F7-4668-BE54-9A1E7A4F7556}") = "data.parallelism", "..\tpl\data.parallelism\data.parallelism.csproj", "{4D3BAC25-7B08-4AFF-89FB-A40BD1345913}"
EndProject
Project("{9A19103F-16F7-4668-BE54-9A1E7A4F7556}") = "task.parallelism", "..\tpl\task.parallelism\task.parallelism.csproj", "{A278EBD0-F05F-41E0-96CD-0DABE74661E0}"
EndProject
Project("{9A19103F-16F7-4668-BE54-9A1E7A4F7556}") = "sequential.task.processing", "..\tpl\sequential.task.processing\sequential.task.processing.csproj", "{73CE8192-EF3F-4DC1-A443-6801150B4892}"
EndProject
Project("{9A19103F-16F7-4668-BE54-9A1E7A4F7556}") = "vector.modulus", "..\plinq\vector.modulus\vector.modulus.csproj", "{F006DDDE-F935-4408-9F6D-5369BC93B3CC}"
EndProject
Global
	GlobalSection(SolutionConfigurationPlatforms) = preSolution
		Debug|Any CPU = Debug|Any CPU
		Debug|Mixed Platforms = Debug|Mixed Platforms
		Debug|x64 = Debug|x64
		Debug|x86 = Debug|x86
		Release|Any CPU = Release|Any CPU
		Release|Mixed Platforms = Release|Mixed Platforms
		Release|x64 = Release|x64
		Release|x86 = Release|x86
	EndGlobalSection
	GlobalSection(ProjectConfigurationPlatforms) = postSolution
		{319EE5CD-AD11-4E52-9DB1-2A6C342916F0}.Debug|Any CPU.ActiveCfg = Debug|x86
		{319EE5CD-AD11-4E52-9DB1-2A6C342916F0}.Debug|Any CPU.Build.0 = Debug|x86
		{319EE5CD-AD11-4E52-9DB1-2A6C342916F0}.Debug|Mixed Platforms.ActiveCfg = Debug|x86
		{319EE5CD-AD11-4E52-9DB1-2A6C342916F0}.Debug|Mixed Platforms.Build.0 = Debug|x86
		{319EE5CD-AD11-4E52-9DB1-2A6C342916F0}.Debug|x64.ActiveCfg = Debug|x86
		{319EE5CD-AD11-4E52-9DB1-2A6C342916F0}.Debug|x86.ActiveCfg = Debug|x86
		{319EE5CD-AD11-4E52-9DB1-2A6C342916F0}.Debug|x86.Build.0 = Debug|x86
		{319EE5CD-AD11-4E52-9DB1-2A6C342916F0}.Release|Any CPU.ActiveCfg = Release|Any CPU
		{319EE5CD-AD11-4E52-9DB1-2A6C342916F0}.Release|Any CPU.Build.0 = Release|Any CPU
		{319EE5CD-AD11-4E52-9DB1-2A6C342916F0}.Release|Mixed Platforms.ActiveCfg = Release|x86
		{319EE5CD-AD11-4E52-9DB1-2A6C342916F0}.Release|Mixed Platforms.Build.0 = Release|x86
		{319EE5CD-AD11-4E52-9DB1-2A6C342916F0}.Release|x64.ActiveCfg = Release|x86
		{319EE5CD-AD11-4E52-9DB1-2A6C342916F0}.Release|x86.ActiveCfg = Release|x86
		{319EE5CD-AD11-4E52-9DB1-2A6C342916F0}.Release|x86.Build.0 = Release|x86
		{48203DD6-4FA0-41C3-8EED-B8E3342BC1D4}.Debug|Any CPU.ActiveCfg = Debug|x86
		{48203DD6-4FA0-41C3-8EED-B8E3342BC1D4}.Debug|Any CPU.Build.0 = Debug|x86
		{48203DD6-4FA0-41C3-8EED-B8E3342BC1D4}.Debug|Mixed Platforms.ActiveCfg = Debug|x86
		{48203DD6-4FA0-41C3-8EED-B8E3342BC1D4}.Debug|Mixed Platforms.Build.0 = Debug|x86
		{48203DD6-4FA0-41C3-8EED-B8E3342BC1D4}.Debug|x64.ActiveCfg = Debug|x86
		{48203DD6-4FA0-41C3-8EED-B8E3342BC1D4}.Debug|x86.ActiveCfg = Debug|x86
		{48203DD6-4FA0-41C3-8EED-B8E3342BC1D4}.Debug|x86.Build.0 = Debug|x86
		{48203DD6-4FA0-41C3-8EED-B8E3342BC1D4}.Release|Any CPU.ActiveCfg = Release|Any CPU
		{48203DD6-4FA0-41C3-8EED-B8E3342BC1D4}.Release|Any CPU.Build.0 = Release|Any CPU
		{48203DD6-4FA0-41C3-8EED-B8E3342BC1D4}.Release|Mixed Platforms.ActiveCfg = Release|x86
		{48203DD6-4FA0-41C3-8EED-B8E3342BC1D4}.Release|Mixed Platforms.Build.0 = Release|x86
		{48203DD6-4FA0-41C3-8EED-B8E3342BC1D4}.Release|x64.ActiveCfg = Release|x86
		{48203DD6-4FA0-41C3-8EED-B8E3342BC1D4}.Release|x86.ActiveCfg = Release|x86
		{48203DD6-4FA0-41C3-8EED-B8E3342BC1D4}.Release|x86.Build.0 = Release|x86
		{ED037B9C-1A95-4E11-8129-51E6D20C1C9B}.Debug|Any CPU.ActiveCfg = Debug|x86
		{ED037B9C-1A95-4E11-8129-51E6D20C1C9B}.Debug|Any CPU.Build.0 = Debug|x86
		{ED037B9C-1A95-4E11-8129-51E6D20C1C9B}.Debug|Mixed Platforms.ActiveCfg = Debug|x86
		{ED037B9C-1A95-4E11-8129-51E6D20C1C9B}.Debug|Mixed Platforms.Build.0 = Debug|x86
		{ED037B9C-1A95-4E11-8129-51E6D20C1C9B}.Debug|x64.ActiveCfg = Debug|x86
		{ED037B9C-1A95-4E11-8129-51E6D20C1C9B}.Debug|x86.ActiveCfg = Debug|x86
		{ED037B9C-1A95-4E11-8129-51E6D20C1C9B}.Debug|x86.Build.0 = Debug|x86
		{ED037B9C-1A95-4E11-8129-51E6D20C1C9B}.Release|Any CPU.ActiveCfg = Release|Any CPU
		{ED037B9C-1A95-4E11-8129-51E6D20C1C9B}.Release|Any CPU.Build.0 = Release|Any CPU
		{ED037B9C-1A95-4E11-8129-51E6D20C1C9B}.Release|Mixed Platforms.ActiveCfg = Release|x86
		{ED037B9C-1A95-4E11-8129-51E6D20C1C9B}.Release|Mixed Platforms.Build.0 = Release|x86
		{ED037B9C-1A95-4E11-8129-51E6D20C1C9B}.Release|x64.ActiveCfg = Release|x86
		{ED037B9C-1A95-4E11-8129-51E6D20C1C9B}.Release|x86.ActiveCfg = Release|x86
		{ED037B9C-1A95-4E11-8129-51E6D20C1C9B}.Release|x86.Build.0 = Release|x86
		{BDF08B9D-9F54-4999-9E3B-61DC8C7D4E8C}.Debug|Any CPU.ActiveCfg = Debug|x86
		{BDF08B9D-9F54-4999-9E3B-61DC8C7D4E8C}.Debug|Any CPU.Build.0 = Debug|x86
		{BDF08B9D-9F54-4999-9E3B-61DC8C7D4E8C}.Debug|Mixed Platforms.ActiveCfg = Debug|x86
		{BDF08B9D-9F54-4999-9E3B-61DC8C7D4E8C}.Debug|Mixed Platforms.Build.0 = Debug|x86
		{BDF08B9D-9F54-4999-9E3B-61DC8C7D4E8C}.Debug|x64.ActiveCfg = Debug|x86
		{BDF08B9D-9F54-4999-9E3B-61DC8C7D4E8C}.Debug|x86.ActiveCfg = Debug|x86
		{BDF08B9D-9F54-4999-9E3B-61DC8C7D4E8C}.Debug|x86.Build.0 = Debug|x86
		{BDF08B9D-9F54-4999-9E3B-61DC8C7D4E8C}.Release|Any CPU.ActiveCfg = Release|Any CPU
		{BDF08B9D-9F54-4999-9E3B-61DC8C7D4E8C}.Release|Any CPU.Build.0 = Release|Any CPU
		{BDF08B9D-9F54-4999-9E3B-61DC8C7D4E8C}.Release|Mixed Platforms.ActiveCfg = Release|x86
		{BDF08B9D-9F54-4999-9E3B-61DC8C7D4E8C}.Release|Mixed Platforms.Build.0 = Release|x86
		{BDF08B9D-9F54-4999-9E3B-61DC8C7D4E8C}.Release|x64.ActiveCfg = Release|x86
		{BDF08B9D-9F54-4999-9E3B-61DC8C7D4E8C}.Release|x86.ActiveCfg = Release|x86
		{BDF08B9D-9F54-4999-9E3B-61DC8C7D4E8C}.Release|x86.Build.0 = Release|x86
		{7F15F778-3CF4-4B20-9C44-893D16D986F9}.Debug|Any CPU.ActiveCfg = Debug|x86
		{7F15F778-3CF4-4B20-9C44-893D16D986F9}.Debug|Any CPU.Build.0 = Debug|x86
		{7F15F778-3CF4-4B20-9C44-893D16D986F9}.Debug|Mixed Platforms.ActiveCfg = Debug|x86
		{7F15F778-3CF4-4B20-9C44-893D16D986F9}.Debug|Mixed Platforms.Build.0 = Debug|x86
		{7F15F778-3CF4-4B20-9C44-893D16D986F9}.Debug|x64.ActiveCfg = Debug|x86
		{7F15F778-3CF4-4B20-9C44-893D16D986F9}.Debug|x86.ActiveCfg = Debug|x86
		{7F15F778-3CF4-4B20-9C44-893D16D986F9}.Debug|x86.Build.0 = Debug|x86
		{7F15F778-3CF4-4B20-9C44-893D16D986F9}.Release|Any CPU.ActiveCfg = Release|Any CPU
		{7F15F778-3CF4-4B20-9C44-893D16D986F9}.Release|Any CPU.Build.0 = Release|Any CPU
		{7F15F778-3CF4-4B20-9C44-893D16D986F9}.Release|Mixed Platforms.ActiveCfg = Release|x86
		{7F15F778-3CF4-4B20-9C44-893D16D986F9}.Release|Mixed Platforms.Build.0 = Release|x86
		{7F15F778-3CF4-4B20-9C44-893D16D986F9}.Release|x64.ActiveCfg = Release|x86
		{7F15F778-3CF4-4B20-9C44-893D16D986F9}.Release|x86.ActiveCfg = Release|x86
		{7F15F778-3CF4-4B20-9C44-893D16D986F9}.Release|x86.Build.0 = Release|x86
		{9E99957C-6941-4252-8DCB-52355108AE55}.Debug|Any CPU.ActiveCfg = Debug|Any CPU
		{9E99957C-6941-4252-8DCB-52355108AE55}.Debug|Any CPU.Build.0 = Debug|Any CPU
		{9E99957C-6941-4252-8DCB-52355108AE55}.Debug|Mixed Platforms.ActiveCfg = Debug|Any CPU
		{9E99957C-6941-4252-8DCB-52355108AE55}.Debug|Mixed Platforms.Build.0 = Debug|Any CPU
		{9E99957C-6941-4252-8DCB-52355108AE55}.Debug|x64.ActiveCfg = Debug|x64
		{9E99957C-6941-4252-8DCB-52355108AE55}.Debug|x64.Build.0 = Debug|x64
		{9E99957C-6941-4252-8DCB-52355108AE55}.Debug|x86.ActiveCfg = Debug|Any CPU
		{9E99957C-6941-4252-8DCB-52355108AE55}.Release|Any CPU.ActiveCfg = Release|Any CPU
		{9E99957C-6941-4252-8DCB-52355108AE55}.Release|Any CPU.Build.0 = Release|Any CPU
		{9E99957C-6941-4252-8DCB-52355108AE55}.Release|Mixed Platforms.ActiveCfg = Release|Any CPU
		{9E99957C-6941-4252-8DCB-52355108AE55}.Release|Mixed Platforms.Build.0 = Release|Any CPU
		{9E99957C-6941-4252-8DCB-52355108AE55}.Release|x64.ActiveCfg = Release|Any CPU
		{9E99957C-6941-4252-8DCB-52355108AE55}.Release|x64.Build.0 = Release|Any CPU
		{9E99957C-6941-4252-8DCB-52355108AE55}.Release|x86.ActiveCfg = Release|Any CPU
		{74A1DAB0-7D7F-46A1-908D-3FED31E025AF}.Debug|Any CPU.ActiveCfg = Debug|Any CPU
		{74A1DAB0-7D7F-46A1-908D-3FED31E025AF}.Debug|Any CPU.Build.0 = Debug|Any CPU
		{74A1DAB0-7D7F-46A1-908D-3FED31E025AF}.Debug|Mixed Platforms.ActiveCfg = Debug|Any CPU
		{74A1DAB0-7D7F-46A1-908D-3FED31E025AF}.Debug|Mixed Platforms.Build.0 = Debug|Any CPU
		{74A1DAB0-7D7F-46A1-908D-3FED31E025AF}.Debug|x64.ActiveCfg = Debug|Any CPU
		{74A1DAB0-7D7F-46A1-908D-3FED31E025AF}.Debug|x64.Build.0 = Debug|Any CPU
		{74A1DAB0-7D7F-46A1-908D-3FED31E025AF}.Debug|x86.ActiveCfg = Debug|Any CPU
		{74A1DAB0-7D7F-46A1-908D-3FED31E025AF}.Debug|x86.Build.0 = Debug|Any CPU
		{74A1DAB0-7D7F-46A1-908D-3FED31E025AF}.Release|Any CPU.ActiveCfg = Release|Any CPU
		{74A1DAB0-7D7F-46A1-908D-3FED31E025AF}.Release|Any CPU.Build.0 = Release|Any CPU
		{74A1DAB0-7D7F-46A1-908D-3FED31E025AF}.Release|Mixed Platforms.ActiveCfg = Release|Any CPU
		{74A1DAB0-7D7F-46A1-908D-3FED31E025AF}.Release|Mixed Platforms.Build.0 = Release|Any CPU
		{74A1DAB0-7D7F-46A1-908D-3FED31E025AF}.Release|x64.ActiveCfg = Release|Any CPU
		{74A1DAB0-7D7F-46A1-908D-3FED31E025AF}.Release|x64.Build.0 = Release|Any CPU
		{74A1DAB0-7D7F-46A1-908D-3FED31E025AF}.Release|x86.ActiveCfg = Release|Any CPU
		{74A1DAB0-7D7F-46A1-908D-3FED31E025AF}.Release|x86.Build.0 = Release|Any CPU
		{44D133ED-0A38-4DE8-A590-90D7734E6230}.Debug|Any CPU.ActiveCfg = Debug|Any CPU
		{44D133ED-0A38-4DE8-A590-90D7734E6230}.Debug|Any CPU.Build.0 = Debug|Any CPU
		{44D133ED-0A38-4DE8-A590-90D7734E6230}.Debug|Mixed Platforms.ActiveCfg = Debug|Any CPU
		{44D133ED-0A38-4DE8-A590-90D7734E6230}.Debug|Mixed Platforms.Build.0 = Debug|Any CPU
		{44D133ED-0A38-4DE8-A590-90D7734E6230}.Debug|x64.ActiveCfg = Debug|Any CPU
		{44D133ED-0A38-4DE8-A590-90D7734E6230}.Debug|x64.Build.0 = Debug|Any CPU
		{44D133ED-0A38-4DE8-A590-90D7734E6230}.Debug|x86.ActiveCfg = Debug|Any CPU
		{44D133ED-0A38-4DE8-A590-90D7734E6230}.Debug|x86.Build.0 = Debug|Any CPU
		{44D133ED-0A38-4DE8-A590-90D7734E6230}.Release|Any CPU.ActiveCfg = Release|Any CPU
		{44D133ED-0A38-4DE8-A590-90D7734E6230}.Release|Any CPU.Build.0 = Release|Any CPU
		{44D133ED-0A38-4DE8-A590-90D7734E6230}.Release|Mixed Platforms.ActiveCfg = Release|Any CPU
		{44D133ED-0A38-4DE8-A590-90D7734E6230}.Release|Mixed Platforms.Build.0 = Release|Any CPU
		{44D133ED-0A38-4DE8-A590-90D7734E6230}.Release|x64.ActiveCfg = Release|Any CPU
		{44D133ED-0A38-4DE8-A590-90D7734E6230}.Release|x64.Build.0 = Release|Any CPU
		{44D133ED-0A38-4DE8-A590-90D7734E6230}.Release|x86.ActiveCfg = Release|Any CPU
		{44D133ED-0A38-4DE8-A590-90D7734E6230}.Release|x86.Build.0 = Release|Any CPU
		{2DA8AA72-7EDB-48B3-8C1E-B94581D0BF77}.Debug|Any CPU.ActiveCfg = Debug|Any CPU
		{2DA8AA72-7EDB-48B3-8C1E-B94581D0BF77}.Debug|Any CPU.Build.0 = Debug|Any CPU
		{2DA8AA72-7EDB-48B3-8C1E-B94581D0BF77}.Debug|Mixed Platforms.ActiveCfg = Debug|Any CPU
		{2DA8AA72-7EDB-48B3-8C1E-B94581D0BF77}.Debug|Mixed Platforms.Build.0 = Debug|Any CPU
		{2DA8AA72-7EDB-48B3-8C1E-B94581D0BF77}.Debug|x64.ActiveCfg = Debug|Any CPU
		{2DA8AA72-7EDB-48B3-8C1E-B94581D0BF77}.Debug|x64.Build.0 = Debug|Any CPU
		{2DA8AA72-7EDB-48B3-8C1E-B94581D0BF77}.Debug|x86.ActiveCfg = Debug|Any CPU
		{2DA8AA72-7EDB-48B3-8C1E-B94581D0BF77}.Debug|x86.Build.0 = Debug|Any CPU
		{2DA8AA72-7EDB-48B3-8C1E-B94581D0BF77}.Release|Any CPU.ActiveCfg = Release|Any CPU
		{2DA8AA72-7EDB-48B3-8C1E-B94581D0BF77}.Release|Any CPU.Build.0 = Release|Any CPU
		{2DA8AA72-7EDB-48B3-8C1E-B94581D0BF77}.Release|Mixed Platforms.ActiveCfg = Release|Any CPU
		{2DA8AA72-7EDB-48B3-8C1E-B94581D0BF77}.Release|Mixed Platforms.Build.0 = Release|Any CPU
		{2DA8AA72-7EDB-48B3-8C1E-B94581D0BF77}.Release|x64.ActiveCfg = Release|Any CPU
		{2DA8AA72-7EDB-48B3-8C1E-B94581D0BF77}.Release|x64.Build.0 = Release|Any CPU
		{2DA8AA72-7EDB-48B3-8C1E-B94581D0BF77}.Release|x86.ActiveCfg = Release|Any CPU
		{2DA8AA72-7EDB-48B3-8C1E-B94581D0BF77}.Release|x86.Build.0 = Release|Any CPU
		{0CB1A5EB-7F75-428E-8389-0B50F29B9352}.Debug|Any CPU.ActiveCfg = Debug|Any CPU
		{0CB1A5EB-7F75-428E-8389-0B50F29B9352}.Debug|Any CPU.Build.0 = Debug|Any CPU
		{0CB1A5EB-7F75-428E-8389-0B50F29B9352}.Debug|Mixed Platforms.ActiveCfg = Debug|Any CPU
		{0CB1A5EB-7F75-428E-8389-0B50F29B9352}.Debug|Mixed Platforms.Build.0 = Debug|Any CPU
		{0CB1A5EB-7F75-428E-8389-0B50F29B9352}.Debug|x64.ActiveCfg = Debug|Any CPU
		{0CB1A5EB-7F75-428E-8389-0B50F29B9352}.Debug|x64.Build.0 = Debug|Any CPU
		{0CB1A5EB-7F75-428E-8389-0B50F29B9352}.Debug|x86.ActiveCfg = Debug|Any CPU
		{0CB1A5EB-7F75-428E-8389-0B50F29B9352}.Debug|x86.Build.0 = Debug|Any CPU
		{0CB1A5EB-7F75-428E-8389-0B50F29B9352}.Release|Any CPU.ActiveCfg = Release|Any CPU
		{0CB1A5EB-7F75-428E-8389-0B50F29B9352}.Release|Any CPU.Build.0 = Release|Any CPU
		{0CB1A5EB-7F75-428E-8389-0B50F29B9352}.Release|Mixed Platforms.ActiveCfg = Release|Any CPU
		{0CB1A5EB-7F75-428E-8389-0B50F29B9352}.Release|Mixed Platforms.Build.0 = Release|Any CPU
		{0CB1A5EB-7F75-428E-8389-0B50F29B9352}.Release|x64.ActiveCfg = Release|Any CPU
		{0CB1A5EB-7F75-428E-8389-0B50F29B9352}.Release|x64.Build.0 = Release|Any CPU
		{0CB1A5EB-7F75-428E-8389-0B50F29B9352}.Release|x86.ActiveCfg = Release|Any CPU
		{0CB1A5EB-7F75-428E-8389-0B50F29B9352}.Release|x86.Build.0 = Release|Any CPU
		{AB3699D8-2926-4B32-9991-257FFA99B94B}.Debug|Any CPU.ActiveCfg = Debug|Any CPU
		{AB3699D8-2926-4B32-9991-257FFA99B94B}.Debug|Any CPU.Build.0 = Debug|Any CPU
		{AB3699D8-2926-4B32-9991-257FFA99B94B}.Debug|Mixed Platforms.ActiveCfg = Debug|Any CPU
		{AB3699D8-2926-4B32-9991-257FFA99B94B}.Debug|Mixed Platforms.Build.0 = Debug|Any CPU
		{AB3699D8-2926-4B32-9991-257FFA99B94B}.Debug|x64.ActiveCfg = Debug|Any CPU
		{AB3699D8-2926-4B32-9991-257FFA99B94B}.Debug|x64.Build.0 = Debug|Any CPU
		{AB3699D8-2926-4B32-9991-257FFA99B94B}.Debug|x86.ActiveCfg = Debug|Any CPU
		{AB3699D8-2926-4B32-9991-257FFA99B94B}.Debug|x86.Build.0 = Debug|Any CPU
		{AB3699D8-2926-4B32-9991-257FFA99B94B}.Release|Any CPU.ActiveCfg = Release|Any CPU
		{AB3699D8-2926-4B32-9991-257FFA99B94B}.Release|Any CPU.Build.0 = Release|Any CPU
		{AB3699D8-2926-4B32-9991-257FFA99B94B}.Release|Mixed Platforms.ActiveCfg = Release|Any CPU
		{AB3699D8-2926-4B32-9991-257FFA99B94B}.Release|Mixed Platforms.Build.0 = Release|Any CPU
		{AB3699D8-2926-4B32-9991-257FFA99B94B}.Release|x64.ActiveCfg = Release|Any CPU
		{AB3699D8-2926-4B32-9991-257FFA99B94B}.Release|x64.Build.0 = Release|Any CPU
		{AB3699D8-2926-4B32-9991-257FFA99B94B}.Release|x86.ActiveCfg = Release|Any CPU
		{AB3699D8-2926-4B32-9991-257FFA99B94B}.Release|x86.Build.0 = Release|Any CPU
		{B8749CBA-EB4A-482D-98D1-B1C89A4EB9EF}.Debug|Any CPU.ActiveCfg = Debug|Any CPU
		{B8749CBA-EB4A-482D-98D1-B1C89A4EB9EF}.Debug|Any CPU.Build.0 = Debug|Any CPU
		{B8749CBA-EB4A-482D-98D1-B1C89A4EB9EF}.Debug|Mixed Platforms.ActiveCfg = Debug|Any CPU
		{B8749CBA-EB4A-482D-98D1-B1C89A4EB9EF}.Debug|Mixed Platforms.Build.0 = Debug|Any CPU
		{B8749CBA-EB4A-482D-98D1-B1C89A4EB9EF}.Debug|x64.ActiveCfg = Debug|Any CPU
		{B8749CBA-EB4A-482D-98D1-B1C89A4EB9EF}.Debug|x64.Build.0 = Debug|Any CPU
		{B8749CBA-EB4A-482D-98D1-B1C89A4EB9EF}.Debug|x86.ActiveCfg = Debug|Any CPU
		{B8749CBA-EB4A-482D-98D1-B1C89A4EB9EF}.Debug|x86.Build.0 = Debug|Any CPU
		{B8749CBA-EB4A-482D-98D1-B1C89A4EB9EF}.Release|Any CPU.ActiveCfg = Release|Any CPU
		{B8749CBA-EB4A-482D-98D1-B1C89A4EB9EF}.Release|Any CPU.Build.0 = Release|Any CPU
		{B8749CBA-EB4A-482D-98D1-B1C89A4EB9EF}.Release|Mixed Platforms.ActiveCfg = Release|Any CPU
		{B8749CBA-EB4A-482D-98D1-B1C89A4EB9EF}.Release|Mixed Platforms.Build.0 = Release|Any CPU
		{B8749CBA-EB4A-482D-98D1-B1C89A4EB9EF}.Release|x64.ActiveCfg = Release|Any CPU
		{B8749CBA-EB4A-482D-98D1-B1C89A4EB9EF}.Release|x64.Build.0 = Release|Any CPU
		{B8749CBA-EB4A-482D-98D1-B1C89A4EB9EF}.Release|x86.ActiveCfg = Release|Any CPU
		{B8749CBA-EB4A-482D-98D1-B1C89A4EB9EF}.Release|x86.Build.0 = Release|Any CPU
		{875BAF4B-308D-4F23-9DC6-DF2E2122F30E}.Debug|Any CPU.ActiveCfg = Debug|Any CPU
		{875BAF4B-308D-4F23-9DC6-DF2E2122F30E}.Debug|Any CPU.Build.0 = Debug|Any CPU
		{875BAF4B-308D-4F23-9DC6-DF2E2122F30E}.Debug|Mixed Platforms.ActiveCfg = Debug|Any CPU
		{875BAF4B-308D-4F23-9DC6-DF2E2122F30E}.Debug|Mixed Platforms.Build.0 = Debug|Any CPU
		{875BAF4B-308D-4F23-9DC6-DF2E2122F30E}.Debug|x64.ActiveCfg = Debug|Any CPU
		{875BAF4B-308D-4F23-9DC6-DF2E2122F30E}.Debug|x64.Build.0 = Debug|Any CPU
		{875BAF4B-308D-4F23-9DC6-DF2E2122F30E}.Debug|x86.ActiveCfg = Debug|Any CPU
		{875BAF4B-308D-4F23-9DC6-DF2E2122F30E}.Debug|x86.Build.0 = Debug|Any CPU
		{875BAF4B-308D-4F23-9DC6-DF2E2122F30E}.Release|Any CPU.ActiveCfg = Release|Any CPU
		{875BAF4B-308D-4F23-9DC6-DF2E2122F30E}.Release|Any CPU.Build.0 = Release|Any CPU
		{875BAF4B-308D-4F23-9DC6-DF2E2122F30E}.Release|Mixed Platforms.ActiveCfg = Release|Any CPU
		{875BAF4B-308D-4F23-9DC6-DF2E2122F30E}.Release|Mixed Platforms.Build.0 = Release|Any CPU
		{875BAF4B-308D-4F23-9DC6-DF2E2122F30E}.Release|x64.ActiveCfg = Release|Any CPU
		{875BAF4B-308D-4F23-9DC6-DF2E2122F30E}.Release|x64.Build.0 = Release|Any CPU
		{875BAF4B-308D-4F23-9DC6-DF2E2122F30E}.Release|x86.ActiveCfg = Release|Any CPU
		{875BAF4B-308D-4F23-9DC6-DF2E2122F30E}.Release|x86.Build.0 = Release|Any CPU
		{59E9D7EF-589B-45CE-819B-F218234A306D}.Debug|Any CPU.ActiveCfg = Debug|Any CPU
		{59E9D7EF-589B-45CE-819B-F218234A306D}.Debug|Any CPU.Build.0 = Debug|Any CPU
		{59E9D7EF-589B-45CE-819B-F218234A306D}.Debug|Mixed Platforms.ActiveCfg = Debug|Any CPU
		{59E9D7EF-589B-45CE-819B-F218234A306D}.Debug|Mixed Platforms.Build.0 = Debug|Any CPU
		{59E9D7EF-589B-45CE-819B-F218234A306D}.Debug|x64.ActiveCfg = Debug|Any CPU
		{59E9D7EF-589B-45CE-819B-F218234A306D}.Debug|x64.Build.0 = Debug|Any CPU
		{59E9D7EF-589B-45CE-819B-F218234A306D}.Debug|x86.ActiveCfg = Debug|Any CPU
		{59E9D7EF-589B-45CE-819B-F218234A306D}.Debug|x86.Build.0 = Debug|Any CPU
		{59E9D7EF-589B-45CE-819B-F218234A306D}.Release|Any CPU.ActiveCfg = Release|Any CPU
		{59E9D7EF-589B-45CE-819B-F218234A306D}.Release|Any CPU.Build.0 = Release|Any CPU
		{59E9D7EF-589B-45CE-819B-F218234A306D}.Release|Mixed Platforms.ActiveCfg = Release|Any CPU
		{59E9D7EF-589B-45CE-819B-F218234A306D}.Release|Mixed Platforms.Build.0 = Release|Any CPU
		{59E9D7EF-589B-45CE-819B-F218234A306D}.Release|x64.ActiveCfg = Release|Any CPU
		{59E9D7EF-589B-45CE-819B-F218234A306D}.Release|x64.Build.0 = Release|Any CPU
		{59E9D7EF-589B-45CE-819B-F218234A306D}.Release|x86.ActiveCfg = Release|Any CPU
		{59E9D7EF-589B-45CE-819B-F218234A306D}.Release|x86.Build.0 = Release|Any CPU
		{C10F116D-18E0-4648-9ABD-DDBE493D4B28}.Debug|Any CPU.ActiveCfg = Debug|Any CPU
		{C10F116D-18E0-4648-9ABD-DDBE493D4B28}.Debug|Any CPU.Build.0 = Debug|Any CPU
		{C10F116D-18E0-4648-9ABD-DDBE493D4B28}.Debug|Mixed Platforms.ActiveCfg = Debug|Any CPU
		{C10F116D-18E0-4648-9ABD-DDBE493D4B28}.Debug|Mixed Platforms.Build.0 = Debug|Any CPU
		{C10F116D-18E0-4648-9ABD-DDBE493D4B28}.Debug|x64.ActiveCfg = Debug|Any CPU
		{C10F116D-18E0-4648-9ABD-DDBE493D4B28}.Debug|x64.Build.0 = Debug|Any CPU
		{C10F116D-18E0-4648-9ABD-DDBE493D4B28}.Debug|x86.ActiveCfg = Debug|Any CPU
		{C10F116D-18E0-4648-9ABD-DDBE493D4B28}.Debug|x86.Build.0 = Debug|Any CPU
		{C10F116D-18E0-4648-9ABD-DDBE493D4B28}.Release|Any CPU.ActiveCfg = Release|Any CPU
		{C10F116D-18E0-4648-9ABD-DDBE493D4B28}.Release|Any CPU.Build.0 = Release|Any CPU
		{C10F116D-18E0-4648-9ABD-DDBE493D4B28}.Release|Mixed Platforms.ActiveCfg = Release|Any CPU
		{C10F116D-18E0-4648-9ABD-DDBE493D4B28}.Release|Mixed Platforms.Build.0 = Release|Any CPU
		{C10F116D-18E0-4648-9ABD-DDBE493D4B28}.Release|x64.ActiveCfg = Release|Any CPU
		{C10F116D-18E0-4648-9ABD-DDBE493D4B28}.Release|x64.Build.0 = Release|Any CPU
		{C10F116D-18E0-4648-9ABD-DDBE493D4B28}.Release|x86.ActiveCfg = Release|Any CPU
		{C10F116D-18E0-4648-9ABD-DDBE493D4B28}.Release|x86.Build.0 = Release|Any CPU
		{C9E43BAF-5E25-495F-9C69-EB64EA999E9D}.Debug|Any CPU.ActiveCfg = Debug|Any CPU
		{C9E43BAF-5E25-495F-9C69-EB64EA999E9D}.Debug|Any CPU.Build.0 = Debug|Any CPU
		{C9E43BAF-5E25-495F-9C69-EB64EA999E9D}.Debug|Mixed Platforms.ActiveCfg = Debug|Any CPU
		{C9E43BAF-5E25-495F-9C69-EB64EA999E9D}.Debug|Mixed Platforms.Build.0 = Debug|Any CPU
		{C9E43BAF-5E25-495F-9C69-EB64EA999E9D}.Debug|x64.ActiveCfg = Debug|Any CPU
		{C9E43BAF-5E25-495F-9C69-EB64EA999E9D}.Debug|x64.Build.0 = Debug|Any CPU
		{C9E43BAF-5E25-495F-9C69-EB64EA999E9D}.Debug|x86.ActiveCfg = Debug|Any CPU
		{C9E43BAF-5E25-495F-9C69-EB64EA999E9D}.Debug|x86.Build.0 = Debug|Any CPU
		{C9E43BAF-5E25-495F-9C69-EB64EA999E9D}.Release|Any CPU.ActiveCfg = Release|Any CPU
		{C9E43BAF-5E25-495F-9C69-EB64EA999E9D}.Release|Any CPU.Build.0 = Release|Any CPU
		{C9E43BAF-5E25-495F-9C69-EB64EA999E9D}.Release|Mixed Platforms.ActiveCfg = Release|Any CPU
		{C9E43BAF-5E25-495F-9C69-EB64EA999E9D}.Release|Mixed Platforms.Build.0 = Release|Any CPU
		{C9E43BAF-5E25-495F-9C69-EB64EA999E9D}.Release|x64.ActiveCfg = Release|Any CPU
		{C9E43BAF-5E25-495F-9C69-EB64EA999E9D}.Release|x64.Build.0 = Release|Any CPU
		{C9E43BAF-5E25-495F-9C69-EB64EA999E9D}.Release|x86.ActiveCfg = Release|Any CPU
		{C9E43BAF-5E25-495F-9C69-EB64EA999E9D}.Release|x86.Build.0 = Release|Any CPU
		{FD92A1C4-D4CB-49D6-9497-0825372F097B}.Debug|Any CPU.ActiveCfg = Debug|Any CPU
		{FD92A1C4-D4CB-49D6-9497-0825372F097B}.Debug|Any CPU.Build.0 = Debug|Any CPU
		{FD92A1C4-D4CB-49D6-9497-0825372F097B}.Debug|Mixed Platforms.ActiveCfg = Debug|Any CPU
		{FD92A1C4-D4CB-49D6-9497-0825372F097B}.Debug|Mixed Platforms.Build.0 = Debug|Any CPU
		{FD92A1C4-D4CB-49D6-9497-0825372F097B}.Debug|x64.ActiveCfg = Debug|Any CPU
		{FD92A1C4-D4CB-49D6-9497-0825372F097B}.Debug|x64.Build.0 = Debug|Any CPU
		{FD92A1C4-D4CB-49D6-9497-0825372F097B}.Debug|x86.ActiveCfg = Debug|Any CPU
		{FD92A1C4-D4CB-49D6-9497-0825372F097B}.Debug|x86.Build.0 = Debug|Any CPU
		{FD92A1C4-D4CB-49D6-9497-0825372F097B}.Release|Any CPU.ActiveCfg = Release|Any CPU
		{FD92A1C4-D4CB-49D6-9497-0825372F097B}.Release|Any CPU.Build.0 = Release|Any CPU
		{FD92A1C4-D4CB-49D6-9497-0825372F097B}.Release|Mixed Platforms.ActiveCfg = Release|Any CPU
		{FD92A1C4-D4CB-49D6-9497-0825372F097B}.Release|Mixed Platforms.Build.0 = Release|Any CPU
		{FD92A1C4-D4CB-49D6-9497-0825372F097B}.Release|x64.ActiveCfg = Release|Any CPU
		{FD92A1C4-D4CB-49D6-9497-0825372F097B}.Release|x64.Build.0 = Release|Any CPU
		{FD92A1C4-D4CB-49D6-9497-0825372F097B}.Release|x86.ActiveCfg = Release|Any CPU
		{FD92A1C4-D4CB-49D6-9497-0825372F097B}.Release|x86.Build.0 = Release|Any CPU
		{8DC05CCD-67BB-4557-85CB-C82E0238774E}.Debug|Any CPU.ActiveCfg = Debug|Any CPU
		{8DC05CCD-67BB-4557-85CB-C82E0238774E}.Debug|Any CPU.Build.0 = Debug|Any CPU
		{8DC05CCD-67BB-4557-85CB-C82E0238774E}.Debug|Mixed Platforms.ActiveCfg = Debug|Any CPU
		{8DC05CCD-67BB-4557-85CB-C82E0238774E}.Debug|Mixed Platforms.Build.0 = Debug|Any CPU
		{8DC05CCD-67BB-4557-85CB-C82E0238774E}.Debug|x64.ActiveCfg = Debug|Any CPU
		{8DC05CCD-67BB-4557-85CB-C82E0238774E}.Debug|x64.Build.0 = Debug|Any CPU
		{8DC05CCD-67BB-4557-85CB-C82E0238774E}.Debug|x86.ActiveCfg = Debug|Any CPU
		{8DC05CCD-67BB-4557-85CB-C82E0238774E}.Debug|x86.Build.0 = Debug|Any CPU
		{8DC05CCD-67BB-4557-85CB-C82E0238774E}.Release|Any CPU.ActiveCfg = Release|Any CPU
		{8DC05CCD-67BB-4557-85CB-C82E0238774E}.Release|Any CPU.Build.0 = Release|Any CPU
		{8DC05CCD-67BB-4557-85CB-C82E0238774E}.Release|Mixed Platforms.ActiveCfg = Release|Any CPU
		{8DC05CCD-67BB-4557-85CB-C82E0238774E}.Release|Mixed Platforms.Build.0 = Release|Any CPU
		{8DC05CCD-67BB-4557-85CB-C82E0238774E}.Release|x64.ActiveCfg = Release|Any CPU
		{8DC05CCD-67BB-4557-85CB-C82E0238774E}.Release|x64.Build.0 = Release|Any CPU
		{8DC05CCD-67BB-4557-85CB-C82E0238774E}.Release|x86.ActiveCfg = Release|Any CPU
		{8DC05CCD-67BB-4557-85CB-C82E0238774E}.Release|x86.Build.0 = Release|Any CPU
		{0319612D-C666-492A-BB07-4A1893B0EC45}.Debug|Any CPU.ActiveCfg = Debug|Any CPU
		{0319612D-C666-492A-BB07-4A1893B0EC45}.Debug|Any CPU.Build.0 = Debug|Any CPU
		{0319612D-C666-492A-BB07-4A1893B0EC45}.Debug|Mixed Platforms.ActiveCfg = Debug|Any CPU
		{0319612D-C666-492A-BB07-4A1893B0EC45}.Debug|Mixed Platforms.Build.0 = Debug|Any CPU
		{0319612D-C666-492A-BB07-4A1893B0EC45}.Debug|x64.ActiveCfg = Debug|Any CPU
		{0319612D-C666-492A-BB07-4A1893B0EC45}.Debug|x64.Build.0 = Debug|Any CPU
		{0319612D-C666-492A-BB07-4A1893B0EC45}.Debug|x86.ActiveCfg = Debug|Any CPU
		{0319612D-C666-492A-BB07-4A1893B0EC45}.Debug|x86.Build.0 = Debug|Any CPU
		{0319612D-C666-492A-BB07-4A1893B0EC45}.Release|Any CPU.ActiveCfg = Release|Any CPU
		{0319612D-C666-492A-BB07-4A1893B0EC45}.Release|Any CPU.Build.0 = Release|Any CPU
		{0319612D-C666-492A-BB07-4A1893B0EC45}.Release|Mixed Platforms.ActiveCfg = Release|Any CPU
		{0319612D-C666-492A-BB07-4A1893B0EC45}.Release|Mixed Platforms.Build.0 = Release|Any CPU
		{0319612D-C666-492A-BB07-4A1893B0EC45}.Release|x64.ActiveCfg = Release|Any CPU
		{0319612D-C666-492A-BB07-4A1893B0EC45}.Release|x64.Build.0 = Release|Any CPU
		{0319612D-C666-492A-BB07-4A1893B0EC45}.Release|x86.ActiveCfg = Release|Any CPU
		{0319612D-C666-492A-BB07-4A1893B0EC45}.Release|x86.Build.0 = Release|Any CPU
		{BF44F9D7-20CB-49FA-AB13-B8E025D1480F}.Debug|Any CPU.ActiveCfg = Debug|Any CPU
		{BF44F9D7-20CB-49FA-AB13-B8E025D1480F}.Debug|Any CPU.Build.0 = Debug|Any CPU
		{BF44F9D7-20CB-49FA-AB13-B8E025D1480F}.Debug|Mixed Platforms.ActiveCfg = Debug|Any CPU
		{BF44F9D7-20CB-49FA-AB13-B8E025D1480F}.Debug|Mixed Platforms.Build.0 = Debug|Any CPU
		{BF44F9D7-20CB-49FA-AB13-B8E025D1480F}.Debug|x64.ActiveCfg = Debug|Any CPU
		{BF44F9D7-20CB-49FA-AB13-B8E025D1480F}.Debug|x64.Build.0 = Debug|Any CPU
		{BF44F9D7-20CB-49FA-AB13-B8E025D1480F}.Debug|x86.ActiveCfg = Debug|Any CPU
		{BF44F9D7-20CB-49FA-AB13-B8E025D1480F}.Debug|x86.Build.0 = Debug|Any CPU
		{BF44F9D7-20CB-49FA-AB13-B8E025D1480F}.Release|Any CPU.ActiveCfg = Release|Any CPU
		{BF44F9D7-20CB-49FA-AB13-B8E025D1480F}.Release|Any CPU.Build.0 = Release|Any CPU
		{BF44F9D7-20CB-49FA-AB13-B8E025D1480F}.Release|Mixed Platforms.ActiveCfg = Release|Any CPU
		{BF44F9D7-20CB-49FA-AB13-B8E025D1480F}.Release|Mixed Platforms.Build.0 = Release|Any CPU
		{BF44F9D7-20CB-49FA-AB13-B8E025D1480F}.Release|x64.ActiveCfg = Release|Any CPU
		{BF44F9D7-20CB-49FA-AB13-B8E025D1480F}.Release|x64.Build.0 = Release|Any CPU
		{BF44F9D7-20CB-49FA-AB13-B8E025D1480F}.Release|x86.ActiveCfg = Release|Any CPU
		{BF44F9D7-20CB-49FA-AB13-B8E025D1480F}.Release|x86.Build.0 = Release|Any CPU
		{DCE8CD1B-70AB-44D6-BC2A-186587EE0800}.Debug|Any CPU.ActiveCfg = Debug|Any CPU
		{DCE8CD1B-70AB-44D6-BC2A-186587EE0800}.Debug|Any CPU.Build.0 = Debug|Any CPU
		{DCE8CD1B-70AB-44D6-BC2A-186587EE0800}.Debug|Mixed Platforms.ActiveCfg = Debug|Any CPU
		{DCE8CD1B-70AB-44D6-BC2A-186587EE0800}.Debug|Mixed Platforms.Build.0 = Debug|Any CPU
		{DCE8CD1B-70AB-44D6-BC2A-186587EE0800}.Debug|x64.ActiveCfg = Debug|Any CPU
		{DCE8CD1B-70AB-44D6-BC2A-186587EE0800}.Debug|x64.Build.0 = Debug|Any CPU
		{DCE8CD1B-70AB-44D6-BC2A-186587EE0800}.Debug|x86.ActiveCfg = Debug|Any CPU
		{DCE8CD1B-70AB-44D6-BC2A-186587EE0800}.Debug|x86.Build.0 = Debug|Any CPU
		{DCE8CD1B-70AB-44D6-BC2A-186587EE0800}.Release|Any CPU.ActiveCfg = Release|Any CPU
		{DCE8CD1B-70AB-44D6-BC2A-186587EE0800}.Release|Any CPU.Build.0 = Release|Any CPU
		{DCE8CD1B-70AB-44D6-BC2A-186587EE0800}.Release|Mixed Platforms.ActiveCfg = Release|Any CPU
		{DCE8CD1B-70AB-44D6-BC2A-186587EE0800}.Release|Mixed Platforms.Build.0 = Release|Any CPU
		{DCE8CD1B-70AB-44D6-BC2A-186587EE0800}.Release|x64.ActiveCfg = Release|Any CPU
		{DCE8CD1B-70AB-44D6-BC2A-186587EE0800}.Release|x64.Build.0 = Release|Any CPU
		{DCE8CD1B-70AB-44D6-BC2A-186587EE0800}.Release|x86.ActiveCfg = Release|Any CPU
		{DCE8CD1B-70AB-44D6-BC2A-186587EE0800}.Release|x86.Build.0 = Release|Any CPU
		{10CF79DD-1137-42D2-93E3-3F59F1E3AA8E}.Debug|Any CPU.ActiveCfg = Debug|Any CPU
		{10CF79DD-1137-42D2-93E3-3F59F1E3AA8E}.Debug|Any CPU.Build.0 = Debug|Any CPU
		{10CF79DD-1137-42D2-93E3-3F59F1E3AA8E}.Debug|Mixed Platforms.ActiveCfg = Debug|Any CPU
		{10CF79DD-1137-42D2-93E3-3F59F1E3AA8E}.Debug|Mixed Platforms.Build.0 = Debug|Any CPU
		{10CF79DD-1137-42D2-93E3-3F59F1E3AA8E}.Debug|x64.ActiveCfg = Debug|Any CPU
		{10CF79DD-1137-42D2-93E3-3F59F1E3AA8E}.Debug|x64.Build.0 = Debug|Any CPU
		{10CF79DD-1137-42D2-93E3-3F59F1E3AA8E}.Debug|x86.ActiveCfg = Debug|Any CPU
		{10CF79DD-1137-42D2-93E3-3F59F1E3AA8E}.Debug|x86.Build.0 = Debug|Any CPU
		{10CF79DD-1137-42D2-93E3-3F59F1E3AA8E}.Release|Any CPU.ActiveCfg = Release|Any CPU
		{10CF79DD-1137-42D2-93E3-3F59F1E3AA8E}.Release|Any CPU.Build.0 = Release|Any CPU
		{10CF79DD-1137-42D2-93E3-3F59F1E3AA8E}.Release|Mixed Platforms.ActiveCfg = Release|Any CPU
		{10CF79DD-1137-42D2-93E3-3F59F1E3AA8E}.Release|Mixed Platforms.Build.0 = Release|Any CPU
		{10CF79DD-1137-42D2-93E3-3F59F1E3AA8E}.Release|x64.ActiveCfg = Release|Any CPU
		{10CF79DD-1137-42D2-93E3-3F59F1E3AA8E}.Release|x64.Build.0 = Release|Any CPU
		{10CF79DD-1137-42D2-93E3-3F59F1E3AA8E}.Release|x86.ActiveCfg = Release|Any CPU
		{10CF79DD-1137-42D2-93E3-3F59F1E3AA8E}.Release|x86.Build.0 = Release|Any CPU
		{604F0AFD-9F0F-4461-A9BC-B681AFE1202F}.Debug|Any CPU.ActiveCfg = Debug|Any CPU
		{604F0AFD-9F0F-4461-A9BC-B681AFE1202F}.Debug|Any CPU.Build.0 = Debug|Any CPU
		{604F0AFD-9F0F-4461-A9BC-B681AFE1202F}.Debug|Mixed Platforms.ActiveCfg = Debug|Any CPU
		{604F0AFD-9F0F-4461-A9BC-B681AFE1202F}.Debug|Mixed Platforms.Build.0 = Debug|Any CPU
		{604F0AFD-9F0F-4461-A9BC-B681AFE1202F}.Debug|x64.ActiveCfg = Debug|Any CPU
		{604F0AFD-9F0F-4461-A9BC-B681AFE1202F}.Debug|x64.Build.0 = Debug|Any CPU
		{604F0AFD-9F0F-4461-A9BC-B681AFE1202F}.Debug|x86.ActiveCfg = Debug|Any CPU
		{604F0AFD-9F0F-4461-A9BC-B681AFE1202F}.Debug|x86.Build.0 = Debug|Any CPU
		{604F0AFD-9F0F-4461-A9BC-B681AFE1202F}.Release|Any CPU.ActiveCfg = Release|Any CPU
		{604F0AFD-9F0F-4461-A9BC-B681AFE1202F}.Release|Any CPU.Build.0 = Release|Any CPU
		{604F0AFD-9F0F-4461-A9BC-B681AFE1202F}.Release|Mixed Platforms.ActiveCfg = Release|Any CPU
		{604F0AFD-9F0F-4461-A9BC-B681AFE1202F}.Release|Mixed Platforms.Build.0 = Release|Any CPU
		{604F0AFD-9F0F-4461-A9BC-B681AFE1202F}.Release|x64.ActiveCfg = Release|Any CPU
		{604F0AFD-9F0F-4461-A9BC-B681AFE1202F}.Release|x64.Build.0 = Release|Any CPU
		{604F0AFD-9F0F-4461-A9BC-B681AFE1202F}.Release|x86.ActiveCfg = Release|Any CPU
		{604F0AFD-9F0F-4461-A9BC-B681AFE1202F}.Release|x86.Build.0 = Release|Any CPU
		{5399B6EB-B48D-4A3E-985C-EE1A62828F21}.Debug|Any CPU.ActiveCfg = Debug|Any CPU
		{5399B6EB-B48D-4A3E-985C-EE1A62828F21}.Debug|Any CPU.Build.0 = Debug|Any CPU
		{5399B6EB-B48D-4A3E-985C-EE1A62828F21}.Debug|Mixed Platforms.ActiveCfg = Debug|Any CPU
		{5399B6EB-B48D-4A3E-985C-EE1A62828F21}.Debug|Mixed Platforms.Build.0 = Debug|Any CPU
		{5399B6EB-B48D-4A3E-985C-EE1A62828F21}.Debug|x64.ActiveCfg = Debug|Any CPU
		{5399B6EB-B48D-4A3E-985C-EE1A62828F21}.Debug|x64.Build.0 = Debug|Any CPU
		{5399B6EB-B48D-4A3E-985C-EE1A62828F21}.Debug|x86.ActiveCfg = Debug|Any CPU
		{5399B6EB-B48D-4A3E-985C-EE1A62828F21}.Debug|x86.Build.0 = Debug|Any CPU
		{5399B6EB-B48D-4A3E-985C-EE1A62828F21}.Release|Any CPU.ActiveCfg = Release|Any CPU
		{5399B6EB-B48D-4A3E-985C-EE1A62828F21}.Release|Any CPU.Build.0 = Release|Any CPU
		{5399B6EB-B48D-4A3E-985C-EE1A62828F21}.Release|Mixed Platforms.ActiveCfg = Release|Any CPU
		{5399B6EB-B48D-4A3E-985C-EE1A62828F21}.Release|Mixed Platforms.Build.0 = Release|Any CPU
		{5399B6EB-B48D-4A3E-985C-EE1A62828F21}.Release|x64.ActiveCfg = Release|Any CPU
		{5399B6EB-B48D-4A3E-985C-EE1A62828F21}.Release|x64.Build.0 = Release|Any CPU
		{5399B6EB-B48D-4A3E-985C-EE1A62828F21}.Release|x86.ActiveCfg = Release|Any CPU
		{5399B6EB-B48D-4A3E-985C-EE1A62828F21}.Release|x86.Build.0 = Release|Any CPU
		{4D3BAC25-7B08-4AFF-89FB-A40BD1345913}.Debug|Any CPU.ActiveCfg = Debug|Any CPU
		{4D3BAC25-7B08-4AFF-89FB-A40BD1345913}.Debug|Any CPU.Build.0 = Debug|Any CPU
		{4D3BAC25-7B08-4AFF-89FB-A40BD1345913}.Debug|Mixed Platforms.ActiveCfg = Debug|Any CPU
		{4D3BAC25-7B08-4AFF-89FB-A40BD1345913}.Debug|Mixed Platforms.Build.0 = Debug|Any CPU
		{4D3BAC25-7B08-4AFF-89FB-A40BD1345913}.Debug|x64.ActiveCfg = Debug|Any CPU
		{4D3BAC25-7B08-4AFF-89FB-A40BD1345913}.Debug|x64.Build.0 = Debug|Any CPU
		{4D3BAC25-7B08-4AFF-89FB-A40BD1345913}.Debug|x86.ActiveCfg = Debug|Any CPU
		{4D3BAC25-7B08-4AFF-89FB-A40BD1345913}.Debug|x86.Build.0 = Debug|Any CPU
		{4D3BAC25-7B08-4AFF-89FB-A40BD1345913}.Release|Any CPU.ActiveCfg = Release|Any CPU
		{4D3BAC25-7B08-4AFF-89FB-A40BD1345913}.Release|Any CPU.Build.0 = Release|Any CPU
		{4D3BAC25-7B08-4AFF-89FB-A40BD1345913}.Release|Mixed Platforms.ActiveCfg = Release|Any CPU
		{4D3BAC25-7B08-4AFF-89FB-A40BD1345913}.Release|Mixed Platforms.Build.0 = Release|Any CPU
		{4D3BAC25-7B08-4AFF-89FB-A40BD1345913}.Release|x64.ActiveCfg = Release|Any CPU
		{4D3BAC25-7B08-4AFF-89FB-A40BD1345913}.Release|x64.Build.0 = Release|Any CPU
		{4D3BAC25-7B08-4AFF-89FB-A40BD1345913}.Release|x86.ActiveCfg = Release|Any CPU
		{4D3BAC25-7B08-4AFF-89FB-A40BD1345913}.Release|x86.Build.0 = Release|Any CPU
		{A278EBD0-F05F-41E0-96CD-0DABE74661E0}.Debug|Any CPU.ActiveCfg = Debug|Any CPU
		{A278EBD0-F05F-41E0-96CD-0DABE74661E0}.Debug|Any CPU.Build.0 = Debug|Any CPU
		{A278EBD0-F05F-41E0-96CD-0DABE74661E0}.Debug|Mixed Platforms.ActiveCfg = Debug|Any CPU
		{A278EBD0-F05F-41E0-96CD-0DABE74661E0}.Debug|Mixed Platforms.Build.0 = Debug|Any CPU
		{A278EBD0-F05F-41E0-96CD-0DABE74661E0}.Debug|x64.ActiveCfg = Debug|Any CPU
		{A278EBD0-F05F-41E0-96CD-0DABE74661E0}.Debug|x64.Build.0 = Debug|Any CPU
		{A278EBD0-F05F-41E0-96CD-0DABE74661E0}.Debug|x86.ActiveCfg = Debug|Any CPU
		{A278EBD0-F05F-41E0-96CD-0DABE74661E0}.Debug|x86.Build.0 = Debug|Any CPU
		{A278EBD0-F05F-41E0-96CD-0DABE74661E0}.Release|Any CPU.ActiveCfg = Release|Any CPU
		{A278EBD0-F05F-41E0-96CD-0DABE74661E0}.Release|Any CPU.Build.0 = Release|Any CPU
		{A278EBD0-F05F-41E0-96CD-0DABE74661E0}.Release|Mixed Platforms.ActiveCfg = Release|Any CPU
		{A278EBD0-F05F-41E0-96CD-0DABE74661E0}.Release|Mixed Platforms.Build.0 = Release|Any CPU
		{A278EBD0-F05F-41E0-96CD-0DABE74661E0}.Release|x64.ActiveCfg = Release|Any CPU
		{A278EBD0-F05F-41E0-96CD-0DABE74661E0}.Release|x64.Build.0 = Release|Any CPU
		{A278EBD0-F05F-41E0-96CD-0DABE74661E0}.Release|x86.ActiveCfg = Release|Any CPU
		{A278EBD0-F05F-41E0-96CD-0DABE74661E0}.Release|x86.Build.0 = Release|Any CPU
		{73CE8192-EF3F-4DC1-A443-6801150B4892}.Debug|Any CPU.ActiveCfg = Debug|Any CPU
		{73CE8192-EF3F-4DC1-A443-6801150B4892}.Debug|Any CPU.Build.0 = Debug|Any CPU
		{73CE8192-EF3F-4DC1-A443-6801150B4892}.Debug|Mixed Platforms.ActiveCfg = Debug|Any CPU
		{73CE8192-EF3F-4DC1-A443-6801150B4892}.Debug|Mixed Platforms.Build.0 = Debug|Any CPU
		{73CE8192-EF3F-4DC1-A443-6801150B4892}.Debug|x64.ActiveCfg = Debug|Any CPU
		{73CE8192-EF3F-4DC1-A443-6801150B4892}.Debug|x64.Build.0 = Debug|Any CPU
		{73CE8192-EF3F-4DC1-A443-6801150B4892}.Debug|x86.ActiveCfg = Debug|Any CPU
		{73CE8192-EF3F-4DC1-A443-6801150B4892}.Debug|x86.Build.0 = Debug|Any CPU
		{73CE8192-EF3F-4DC1-A443-6801150B4892}.Release|Any CPU.ActiveCfg = Release|Any CPU
		{73CE8192-EF3F-4DC1-A443-6801150B4892}.Release|Any CPU.Build.0 = Release|Any CPU
		{73CE8192-EF3F-4DC1-A443-6801150B4892}.Release|Mixed Platforms.ActiveCfg = Release|Any CPU
		{73CE8192-EF3F-4DC1-A443-6801150B4892}.Release|Mixed Platforms.Build.0 = Release|Any CPU
		{73CE8192-EF3F-4DC1-A443-6801150B4892}.Release|x64.ActiveCfg = Release|Any CPU
		{73CE8192-EF3F-4DC1-A443-6801150B4892}.Release|x64.Build.0 = Release|Any CPU
		{73CE8192-EF3F-4DC1-A443-6801150B4892}.Release|x86.ActiveCfg = Release|Any CPU
		{73CE8192-EF3F-4DC1-A443-6801150B4892}.Release|x86.Build.0 = Release|Any CPU
		{F006DDDE-F935-4408-9F6D-5369BC93B3CC}.Debug|Any CPU.ActiveCfg = Debug|Any CPU
		{F006DDDE-F935-4408-9F6D-5369BC93B3CC}.Debug|Any CPU.Build.0 = Debug|Any CPU
		{F006DDDE-F935-4408-9F6D-5369BC93B3CC}.Debug|Mixed Platforms.ActiveCfg = Debug|Any CPU
		{F006DDDE-F935-4408-9F6D-5369BC93B3CC}.Debug|Mixed Platforms.Build.0 = Debug|Any CPU
		{F006DDDE-F935-4408-9F6D-5369BC93B3CC}.Debug|x64.ActiveCfg = Debug|Any CPU
		{F006DDDE-F935-4408-9F6D-5369BC93B3CC}.Debug|x64.Build.0 = Debug|Any CPU
		{F006DDDE-F935-4408-9F6D-5369BC93B3CC}.Debug|x86.ActiveCfg = Debug|Any CPU
		{F006DDDE-F935-4408-9F6D-5369BC93B3CC}.Debug|x86.Build.0 = Debug|Any CPU
		{F006DDDE-F935-4408-9F6D-5369BC93B3CC}.Release|Any CPU.ActiveCfg = Release|Any CPU
		{F006DDDE-F935-4408-9F6D-5369BC93B3CC}.Release|Any CPU.Build.0 = Release|Any CPU
		{F006DDDE-F935-4408-9F6D-5369BC93B3CC}.Release|Mixed Platforms.ActiveCfg = Release|Any CPU
		{F006DDDE-F935-4408-9F6D-5369BC93B3CC}.Release|Mixed Platforms.Build.0 = Release|Any CPU
		{F006DDDE-F935-4408-9F6D-5369BC93B3CC}.Release|x64.ActiveCfg = Release|Any CPU
		{F006DDDE-F935-4408-9F6D-5369BC93B3CC}.Release|x64.Build.0 = Release|Any CPU
		{F006DDDE-F935-4408-9F6D-5369BC93B3CC}.Release|x86.ActiveCfg = Release|Any CPU
		{F006DDDE-F935-4408-9F6D-5369BC93B3CC}.Release|x86.Build.0 = Release|Any CPU
	EndGlobalSection
	GlobalSection(SolutionProperties) = preSolution
		HideSolutionNode = FALSE
	EndGlobalSection
	GlobalSection(ExtensibilityGlobals) = postSolution
		SolutionGuid = {8C7DA02A-624D-4434-ABEE-04CD9271386C}
	EndGlobalSection
EndGlobal
