
Microsoft Visual Studio Solution File, Format Version 12.00
# Visual Studio Version 17
VisualStudioVersion = 17.1.32319.34
MinimumVisualStudioVersion = 10.0.40219.1
Project("{FAE04EC0-301F-11D3-BF4B-00C04F79EFBC}") = "tests", "tests\tests.csproj", "{2756D0CB-61C0-4E26-B372-0289637031FB}"
EndProject
Project("{FAE04EC0-301F-11D3-BF4B-00C04F79EFBC}") = "clases", "clases\clases.csproj", "{50A74F91-52ED-49BA-9F80-528385108C1F}"
EndProject
Project("{FAE04EC0-301F-11D3-BF4B-00C04F79EFBC}") = "main", "main\main.csproj", "{65505A26-EDBC-4417-A459-160AAC8C0ACC}"
EndProject
Global
	GlobalSection(SolutionConfigurationPlatforms) = preSolution
		Debug|Any CPU = Debug|Any CPU
		Release|Any CPU = Release|Any CPU
	EndGlobalSection
	GlobalSection(ProjectConfigurationPlatforms) = postSolution
		{2756D0CB-61C0-4E26-B372-0289637031FB}.Debug|Any CPU.ActiveCfg = Debug|Any CPU
		{2756D0CB-61C0-4E26-B372-0289637031FB}.Debug|Any CPU.Build.0 = Debug|Any CPU
		{2756D0CB-61C0-4E26-B372-0289637031FB}.Release|Any CPU.ActiveCfg = Release|Any CPU
		{2756D0CB-61C0-4E26-B372-0289637031FB}.Release|Any CPU.Build.0 = Release|Any CPU
		{50A74F91-52ED-49BA-9F80-528385108C1F}.Debug|Any CPU.ActiveCfg = Debug|Any CPU
		{50A74F91-52ED-49BA-9F80-528385108C1F}.Debug|Any CPU.Build.0 = Debug|Any CPU
		{50A74F91-52ED-49BA-9F80-528385108C1F}.Release|Any CPU.ActiveCfg = Release|Any CPU
		{50A74F91-52ED-49BA-9F80-528385108C1F}.Release|Any CPU.Build.0 = Release|Any CPU
		{65505A26-EDBC-4417-A459-160AAC8C0ACC}.Debug|Any CPU.ActiveCfg = Debug|Any CPU
		{65505A26-EDBC-4417-A459-160AAC8C0ACC}.Debug|Any CPU.Build.0 = Debug|Any CPU
		{65505A26-EDBC-4417-A459-160AAC8C0ACC}.Release|Any CPU.ActiveCfg = Release|Any CPU
		{65505A26-EDBC-4417-A459-160AAC8C0ACC}.Release|Any CPU.Build.0 = Release|Any CPU
	EndGlobalSection
	GlobalSection(SolutionProperties) = preSolution
		HideSolutionNode = FALSE
	EndGlobalSection
	GlobalSection(ExtensibilityGlobals) = postSolution
		SolutionGuid = {E09CF989-93B9-4F95-BC8F-8F85890AAD24}
	EndGlobalSection
EndGlobal
