
Microsoft Visual Studio Solution File, Format Version 12.00
# Visual Studio Version 17
VisualStudioVersion = 17.1.32319.34
MinimumVisualStudioVersion = 10.0.40219.1
Project("{9A19103F-16F7-4668-BE54-9A1E7A4F7556}") = "switch", "switch\switch.csproj", "{9D29A516-EFB0-44C8-B528-570792B19D24}"
EndProject
Project("{9A19103F-16F7-4668-BE54-9A1E7A4F7556}") = "hello", "hello\hello.csproj", "{FBDAB2A8-C74D-4A42-9EC9-8C6E264B90BB}"
EndProject
Project("{9A19103F-16F7-4668-BE54-9A1E7A4F7556}") = "enum", "enum\enum.csproj", "{05005727-9BF5-49D3-AB64-01D10374828F}"
EndProject
Project("{9A19103F-16F7-4668-BE54-9A1E7A4F7556}") = "console", "console\console.csproj", "{8E2E7361-4193-48D3-8496-0FDE63C58560}"
EndProject
Project("{9A19103F-16F7-4668-BE54-9A1E7A4F7556}") = "constructor.destructor", "..\encapsulation\constructor.destructor\constructor.destructor.csproj", "{1E1CE9C0-A447-439B-AAC7-5506F46628CD}"
EndProject
Project("{9A19103F-16F7-4668-BE54-9A1E7A4F7556}") = "partial.classes", "..\encapsulation\partial.classes\partial.classes.csproj", "{14B99F8B-B275-41CC-B128-727D1DF60F9F}"
EndProject
Project("{9A19103F-16F7-4668-BE54-9A1E7A4F7556}") = "utility.classes", "..\encapsulation\utility.classes\utility.classes.csproj", "{85D79923-9A8E-4EA7-A857-16B73BA3EF9D}"
EndProject
Project("{9A19103F-16F7-4668-BE54-9A1E7A4F7556}") = "properties", "..\encapsulation\properties\properties.csproj", "{36534B98-0D62-44DA-8205-3A5E23D0275D}"
EndProject
Project("{9A19103F-16F7-4668-BE54-9A1E7A4F7556}") = "strings", "..\encapsulation\strings\strings.csproj", "{B8E23DC6-39E1-470E-9B99-AEB2B94A592A}"
EndProject
Project("{FAE04EC0-301F-11D3-BF4B-00C04F79EFBC}") = "P1_listas", "..\..\..\..\..\..\..\..\Documents\2-curso-2-cuatri\TPP\Practicas\Practica1\lab1_listas\P1_listas\P1_listas\P1_listas.csproj", "{E1649FA4-207B-4297-B879-0FEE20DE1619}"
EndProject
Project("{FAE04EC0-301F-11D3-BF4B-00C04F79EFBC}") = "Clases", "..\..\..\..\..\..\..\..\Documents\2-curso-2-cuatri\TPP\Practicas\Practica1\lab1_listas\P1_listas\Clases\Clases.csproj", "{75D2917C-1EEA-4EB4-8A7A-BBDD89E17D1F}"
EndProject
Project("{9A19103F-16F7-4668-BE54-9A1E7A4F7556}") = "arrays", "..\encapsulation\arrays\arrays.csproj", "{343B2BA3-1239-409B-8114-FD4133C338D7}"
EndProject
Project("{9A19103F-16F7-4668-BE54-9A1E7A4F7556}") = "structs", "..\encapsulation\structs\structs.csproj", "{34EE335A-110A-46B3-97E8-C4063E05FE5C}"
EndProject
Project("{9A19103F-16F7-4668-BE54-9A1E7A4F7556}") = "parameter.passing", "..\overload\parameter.passing\parameter.passing.csproj", "{EF702FDA-7A50-4E16-A9A7-3921832A5ADB}"
EndProject
Project("{9A19103F-16F7-4668-BE54-9A1E7A4F7556}") = "named.optional.parameters", "..\overload\named.optional.parameters\named.optional.parameters.csproj", "{DBF6ABF9-3B24-4584-AB8C-F2BB20028E24}"
EndProject
Project("{9A19103F-16F7-4668-BE54-9A1E7A4F7556}") = "operators", "..\overload\operators\operators.csproj", "{AB82991A-EBF5-4ED5-BC9D-A556F2EC61EC}"
EndProject
Project("{9A19103F-16F7-4668-BE54-9A1E7A4F7556}") = "extension.methods", "..\overload\extension.methods\extension.methods.csproj", "{44535B6C-2B55-4976-AC4A-DEF45F04BAFD}"
EndProject
Project("{9A19103F-16F7-4668-BE54-9A1E7A4F7556}") = "dynamic.binding", "..\inheritance.polymorphism\dynamic.binding\dynamic.binding.csproj", "{F96ECBBF-80A7-48BE-A25A-8A4362236F06}"
EndProject
Project("{9A19103F-16F7-4668-BE54-9A1E7A4F7556}") = "is.as", "..\inheritance.polymorphism\is.as\is.as.csproj", "{3DBF961A-DF10-48CE-98BB-6DE7BB1334FD}"
EndProject
Project("{9A19103F-16F7-4668-BE54-9A1E7A4F7556}") = "autoboxing", "..\inheritance.polymorphism\autoboxing\autoboxing.csproj", "{5ACEAA30-CFF2-4A36-B07F-370CF007B44F}"
EndProject
Project("{9A19103F-16F7-4668-BE54-9A1E7A4F7556}") = "interfaces", "..\inheritance.polymorphism\interfaces\interfaces.csproj", "{F3E78955-6F8F-47DC-94CD-CA93EA3CC56C}"
EndProject
Project("{9A19103F-16F7-4668-BE54-9A1E7A4F7556}") = "idisposable", "..\inheritance.polymorphism\idisposable\idisposable.csproj", "{43629E9F-FD6E-465F-88C5-352CAC6E08D8}"
EndProject
Project("{9A19103F-16F7-4668-BE54-9A1E7A4F7556}") = "exceptions", "..\exceptions\exceptions\exceptions.csproj", "{2D252749-1019-40D5-82A2-4EA912AD0BC0}"
EndProject
Project("{9A19103F-16F7-4668-BE54-9A1E7A4F7556}") = "assert", "..\exceptions\assert\assert.csproj", "{2C10F667-0821-45BE-A241-DFEE00260190}"
EndProject
Project("{9A19103F-16F7-4668-BE54-9A1E7A4F7556}") = "methods", "..\generics\methods\methods.csproj", "{424F33DD-5812-4E85-AB9B-74B65275B310}"
EndProject
Project("{9A19103F-16F7-4668-BE54-9A1E7A4F7556}") = "bounded", "..\generics\bounded\bounded.csproj", "{9E4B0C59-472D-4743-857A-1936B182409C}"
EndProject
Project("{9A19103F-16F7-4668-BE54-9A1E7A4F7556}") = "enumerables", "..\generics\enumerables\enumerables.csproj", "{864C3EC1-9D56-4BAA-8DD3-55267E121418}"
EndProject
Project("{9A19103F-16F7-4668-BE54-9A1E7A4F7556}") = "nullable", "..\generics\nullable\nullable.csproj", "{2F98EAE9-4054-479E-A62A-CBCA56899026}"
EndProject
Project("{9A19103F-16F7-4668-BE54-9A1E7A4F7556}") = "Project1", "..\access.levels\Project1\Project1.csproj", "{4331BB75-4833-46E6-88B5-3BF304F60428}"
EndProject
Project("{9A19103F-16F7-4668-BE54-9A1E7A4F7556}") = "Project2", "..\access.levels\Project2\Project2.csproj", "{480FB752-99B7-444F-A44C-5321FD831B18}"
EndProject
Project("{9A19103F-16F7-4668-BE54-9A1E7A4F7556}") = "inference", "..\generics\inference\inference.csproj", "{C1E3161C-95BB-4C4B-AD93-35BFBBD6F925}"
EndProject
Global
	GlobalSection(SolutionConfigurationPlatforms) = preSolution
		Debug|Any CPU = Debug|Any CPU
		Debug|Mixed Platforms = Debug|Mixed Platforms
		Debug|x86 = Debug|x86
		Release|Any CPU = Release|Any CPU
		Release|Mixed Platforms = Release|Mixed Platforms
		Release|x86 = Release|x86
	EndGlobalSection
	GlobalSection(ProjectConfigurationPlatforms) = postSolution
		{9D29A516-EFB0-44C8-B528-570792B19D24}.Debug|Any CPU.ActiveCfg = Debug|Any CPU
		{9D29A516-EFB0-44C8-B528-570792B19D24}.Debug|Any CPU.Build.0 = Debug|Any CPU
		{9D29A516-EFB0-44C8-B528-570792B19D24}.Debug|Mixed Platforms.ActiveCfg = Debug|Any CPU
		{9D29A516-EFB0-44C8-B528-570792B19D24}.Debug|Mixed Platforms.Build.0 = Debug|Any CPU
		{9D29A516-EFB0-44C8-B528-570792B19D24}.Debug|x86.ActiveCfg = Debug|Any CPU
		{9D29A516-EFB0-44C8-B528-570792B19D24}.Release|Any CPU.ActiveCfg = Release|Any CPU
		{9D29A516-EFB0-44C8-B528-570792B19D24}.Release|Any CPU.Build.0 = Release|Any CPU
		{9D29A516-EFB0-44C8-B528-570792B19D24}.Release|Mixed Platforms.ActiveCfg = Release|Any CPU
		{9D29A516-EFB0-44C8-B528-570792B19D24}.Release|Mixed Platforms.Build.0 = Release|Any CPU
		{9D29A516-EFB0-44C8-B528-570792B19D24}.Release|x86.ActiveCfg = Release|Any CPU
		{FBDAB2A8-C74D-4A42-9EC9-8C6E264B90BB}.Debug|Any CPU.ActiveCfg = Debug|Any CPU
		{FBDAB2A8-C74D-4A42-9EC9-8C6E264B90BB}.Debug|Any CPU.Build.0 = Debug|Any CPU
		{FBDAB2A8-C74D-4A42-9EC9-8C6E264B90BB}.Debug|Mixed Platforms.ActiveCfg = Debug|Any CPU
		{FBDAB2A8-C74D-4A42-9EC9-8C6E264B90BB}.Debug|Mixed Platforms.Build.0 = Debug|Any CPU
		{FBDAB2A8-C74D-4A42-9EC9-8C6E264B90BB}.Debug|x86.ActiveCfg = Debug|x86
		{FBDAB2A8-C74D-4A42-9EC9-8C6E264B90BB}.Debug|x86.Build.0 = Debug|x86
		{FBDAB2A8-C74D-4A42-9EC9-8C6E264B90BB}.Release|Any CPU.ActiveCfg = Release|x86
		{FBDAB2A8-C74D-4A42-9EC9-8C6E264B90BB}.Release|Mixed Platforms.ActiveCfg = Release|x86
		{FBDAB2A8-C74D-4A42-9EC9-8C6E264B90BB}.Release|Mixed Platforms.Build.0 = Release|x86
		{FBDAB2A8-C74D-4A42-9EC9-8C6E264B90BB}.Release|x86.ActiveCfg = Release|x86
		{FBDAB2A8-C74D-4A42-9EC9-8C6E264B90BB}.Release|x86.Build.0 = Release|x86
		{05005727-9BF5-49D3-AB64-01D10374828F}.Debug|Any CPU.ActiveCfg = Debug|Any CPU
		{05005727-9BF5-49D3-AB64-01D10374828F}.Debug|Any CPU.Build.0 = Debug|Any CPU
		{05005727-9BF5-49D3-AB64-01D10374828F}.Debug|Mixed Platforms.ActiveCfg = Debug|Any CPU
		{05005727-9BF5-49D3-AB64-01D10374828F}.Debug|Mixed Platforms.Build.0 = Debug|Any CPU
		{05005727-9BF5-49D3-AB64-01D10374828F}.Debug|x86.ActiveCfg = Debug|x86
		{05005727-9BF5-49D3-AB64-01D10374828F}.Debug|x86.Build.0 = Debug|x86
		{05005727-9BF5-49D3-AB64-01D10374828F}.Release|Any CPU.ActiveCfg = Release|x86
		{05005727-9BF5-49D3-AB64-01D10374828F}.Release|Mixed Platforms.ActiveCfg = Release|x86
		{05005727-9BF5-49D3-AB64-01D10374828F}.Release|Mixed Platforms.Build.0 = Release|x86
		{05005727-9BF5-49D3-AB64-01D10374828F}.Release|x86.ActiveCfg = Release|x86
		{05005727-9BF5-49D3-AB64-01D10374828F}.Release|x86.Build.0 = Release|x86
		{8E2E7361-4193-48D3-8496-0FDE63C58560}.Debug|Any CPU.ActiveCfg = Debug|Any CPU
		{8E2E7361-4193-48D3-8496-0FDE63C58560}.Debug|Any CPU.Build.0 = Debug|Any CPU
		{8E2E7361-4193-48D3-8496-0FDE63C58560}.Debug|Mixed Platforms.ActiveCfg = Debug|Any CPU
		{8E2E7361-4193-48D3-8496-0FDE63C58560}.Debug|Mixed Platforms.Build.0 = Debug|Any CPU
		{8E2E7361-4193-48D3-8496-0FDE63C58560}.Debug|x86.ActiveCfg = Debug|x86
		{8E2E7361-4193-48D3-8496-0FDE63C58560}.Debug|x86.Build.0 = Debug|x86
		{8E2E7361-4193-48D3-8496-0FDE63C58560}.Release|Any CPU.ActiveCfg = Release|x86
		{8E2E7361-4193-48D3-8496-0FDE63C58560}.Release|Mixed Platforms.ActiveCfg = Release|x86
		{8E2E7361-4193-48D3-8496-0FDE63C58560}.Release|Mixed Platforms.Build.0 = Release|x86
		{8E2E7361-4193-48D3-8496-0FDE63C58560}.Release|x86.ActiveCfg = Release|x86
		{8E2E7361-4193-48D3-8496-0FDE63C58560}.Release|x86.Build.0 = Release|x86
		{1E1CE9C0-A447-439B-AAC7-5506F46628CD}.Debug|Any CPU.ActiveCfg = Debug|Any CPU
		{1E1CE9C0-A447-439B-AAC7-5506F46628CD}.Debug|Any CPU.Build.0 = Debug|Any CPU
		{1E1CE9C0-A447-439B-AAC7-5506F46628CD}.Debug|Mixed Platforms.ActiveCfg = Debug|Any CPU
		{1E1CE9C0-A447-439B-AAC7-5506F46628CD}.Debug|Mixed Platforms.Build.0 = Debug|Any CPU
		{1E1CE9C0-A447-439B-AAC7-5506F46628CD}.Debug|x86.ActiveCfg = Debug|Any CPU
		{1E1CE9C0-A447-439B-AAC7-5506F46628CD}.Debug|x86.Build.0 = Debug|Any CPU
		{1E1CE9C0-A447-439B-AAC7-5506F46628CD}.Release|Any CPU.ActiveCfg = Release|Any CPU
		{1E1CE9C0-A447-439B-AAC7-5506F46628CD}.Release|Any CPU.Build.0 = Release|Any CPU
		{1E1CE9C0-A447-439B-AAC7-5506F46628CD}.Release|Mixed Platforms.ActiveCfg = Release|Any CPU
		{1E1CE9C0-A447-439B-AAC7-5506F46628CD}.Release|Mixed Platforms.Build.0 = Release|Any CPU
		{1E1CE9C0-A447-439B-AAC7-5506F46628CD}.Release|x86.ActiveCfg = Release|Any CPU
		{1E1CE9C0-A447-439B-AAC7-5506F46628CD}.Release|x86.Build.0 = Release|Any CPU
		{14B99F8B-B275-41CC-B128-727D1DF60F9F}.Debug|Any CPU.ActiveCfg = Debug|Any CPU
		{14B99F8B-B275-41CC-B128-727D1DF60F9F}.Debug|Any CPU.Build.0 = Debug|Any CPU
		{14B99F8B-B275-41CC-B128-727D1DF60F9F}.Debug|Mixed Platforms.ActiveCfg = Debug|Any CPU
		{14B99F8B-B275-41CC-B128-727D1DF60F9F}.Debug|Mixed Platforms.Build.0 = Debug|Any CPU
		{14B99F8B-B275-41CC-B128-727D1DF60F9F}.Debug|x86.ActiveCfg = Debug|Any CPU
		{14B99F8B-B275-41CC-B128-727D1DF60F9F}.Debug|x86.Build.0 = Debug|Any CPU
		{14B99F8B-B275-41CC-B128-727D1DF60F9F}.Release|Any CPU.ActiveCfg = Release|Any CPU
		{14B99F8B-B275-41CC-B128-727D1DF60F9F}.Release|Any CPU.Build.0 = Release|Any CPU
		{14B99F8B-B275-41CC-B128-727D1DF60F9F}.Release|Mixed Platforms.ActiveCfg = Release|Any CPU
		{14B99F8B-B275-41CC-B128-727D1DF60F9F}.Release|Mixed Platforms.Build.0 = Release|Any CPU
		{14B99F8B-B275-41CC-B128-727D1DF60F9F}.Release|x86.ActiveCfg = Release|Any CPU
		{14B99F8B-B275-41CC-B128-727D1DF60F9F}.Release|x86.Build.0 = Release|Any CPU
		{85D79923-9A8E-4EA7-A857-16B73BA3EF9D}.Debug|Any CPU.ActiveCfg = Debug|Any CPU
		{85D79923-9A8E-4EA7-A857-16B73BA3EF9D}.Debug|Any CPU.Build.0 = Debug|Any CPU
		{85D79923-9A8E-4EA7-A857-16B73BA3EF9D}.Debug|Mixed Platforms.ActiveCfg = Debug|Any CPU
		{85D79923-9A8E-4EA7-A857-16B73BA3EF9D}.Debug|Mixed Platforms.Build.0 = Debug|Any CPU
		{85D79923-9A8E-4EA7-A857-16B73BA3EF9D}.Debug|x86.ActiveCfg = Debug|Any CPU
		{85D79923-9A8E-4EA7-A857-16B73BA3EF9D}.Debug|x86.Build.0 = Debug|Any CPU
		{85D79923-9A8E-4EA7-A857-16B73BA3EF9D}.Release|Any CPU.ActiveCfg = Release|Any CPU
		{85D79923-9A8E-4EA7-A857-16B73BA3EF9D}.Release|Any CPU.Build.0 = Release|Any CPU
		{85D79923-9A8E-4EA7-A857-16B73BA3EF9D}.Release|Mixed Platforms.ActiveCfg = Release|Any CPU
		{85D79923-9A8E-4EA7-A857-16B73BA3EF9D}.Release|Mixed Platforms.Build.0 = Release|Any CPU
		{85D79923-9A8E-4EA7-A857-16B73BA3EF9D}.Release|x86.ActiveCfg = Release|Any CPU
		{85D79923-9A8E-4EA7-A857-16B73BA3EF9D}.Release|x86.Build.0 = Release|Any CPU
		{36534B98-0D62-44DA-8205-3A5E23D0275D}.Debug|Any CPU.ActiveCfg = Debug|Any CPU
		{36534B98-0D62-44DA-8205-3A5E23D0275D}.Debug|Any CPU.Build.0 = Debug|Any CPU
		{36534B98-0D62-44DA-8205-3A5E23D0275D}.Debug|Mixed Platforms.ActiveCfg = Debug|Any CPU
		{36534B98-0D62-44DA-8205-3A5E23D0275D}.Debug|Mixed Platforms.Build.0 = Debug|Any CPU
		{36534B98-0D62-44DA-8205-3A5E23D0275D}.Debug|x86.ActiveCfg = Debug|Any CPU
		{36534B98-0D62-44DA-8205-3A5E23D0275D}.Debug|x86.Build.0 = Debug|Any CPU
		{36534B98-0D62-44DA-8205-3A5E23D0275D}.Release|Any CPU.ActiveCfg = Release|Any CPU
		{36534B98-0D62-44DA-8205-3A5E23D0275D}.Release|Any CPU.Build.0 = Release|Any CPU
		{36534B98-0D62-44DA-8205-3A5E23D0275D}.Release|Mixed Platforms.ActiveCfg = Release|Any CPU
		{36534B98-0D62-44DA-8205-3A5E23D0275D}.Release|Mixed Platforms.Build.0 = Release|Any CPU
		{36534B98-0D62-44DA-8205-3A5E23D0275D}.Release|x86.ActiveCfg = Release|Any CPU
		{36534B98-0D62-44DA-8205-3A5E23D0275D}.Release|x86.Build.0 = Release|Any CPU
		{B8E23DC6-39E1-470E-9B99-AEB2B94A592A}.Debug|Any CPU.ActiveCfg = Debug|Any CPU
		{B8E23DC6-39E1-470E-9B99-AEB2B94A592A}.Debug|Any CPU.Build.0 = Debug|Any CPU
		{B8E23DC6-39E1-470E-9B99-AEB2B94A592A}.Debug|Mixed Platforms.ActiveCfg = Debug|Any CPU
		{B8E23DC6-39E1-470E-9B99-AEB2B94A592A}.Debug|Mixed Platforms.Build.0 = Debug|Any CPU
		{B8E23DC6-39E1-470E-9B99-AEB2B94A592A}.Debug|x86.ActiveCfg = Debug|Any CPU
		{B8E23DC6-39E1-470E-9B99-AEB2B94A592A}.Debug|x86.Build.0 = Debug|Any CPU
		{B8E23DC6-39E1-470E-9B99-AEB2B94A592A}.Release|Any CPU.ActiveCfg = Release|Any CPU
		{B8E23DC6-39E1-470E-9B99-AEB2B94A592A}.Release|Any CPU.Build.0 = Release|Any CPU
		{B8E23DC6-39E1-470E-9B99-AEB2B94A592A}.Release|Mixed Platforms.ActiveCfg = Release|Any CPU
		{B8E23DC6-39E1-470E-9B99-AEB2B94A592A}.Release|Mixed Platforms.Build.0 = Release|Any CPU
		{B8E23DC6-39E1-470E-9B99-AEB2B94A592A}.Release|x86.ActiveCfg = Release|Any CPU
		{B8E23DC6-39E1-470E-9B99-AEB2B94A592A}.Release|x86.Build.0 = Release|Any CPU
		{E1649FA4-207B-4297-B879-0FEE20DE1619}.Debug|Any CPU.ActiveCfg = Debug|Any CPU
		{E1649FA4-207B-4297-B879-0FEE20DE1619}.Debug|Any CPU.Build.0 = Debug|Any CPU
		{E1649FA4-207B-4297-B879-0FEE20DE1619}.Debug|Mixed Platforms.ActiveCfg = Debug|Any CPU
		{E1649FA4-207B-4297-B879-0FEE20DE1619}.Debug|Mixed Platforms.Build.0 = Debug|Any CPU
		{E1649FA4-207B-4297-B879-0FEE20DE1619}.Debug|x86.ActiveCfg = Debug|Any CPU
		{E1649FA4-207B-4297-B879-0FEE20DE1619}.Debug|x86.Build.0 = Debug|Any CPU
		{E1649FA4-207B-4297-B879-0FEE20DE1619}.Release|Any CPU.ActiveCfg = Release|Any CPU
		{E1649FA4-207B-4297-B879-0FEE20DE1619}.Release|Any CPU.Build.0 = Release|Any CPU
		{E1649FA4-207B-4297-B879-0FEE20DE1619}.Release|Mixed Platforms.ActiveCfg = Release|Any CPU
		{E1649FA4-207B-4297-B879-0FEE20DE1619}.Release|Mixed Platforms.Build.0 = Release|Any CPU
		{E1649FA4-207B-4297-B879-0FEE20DE1619}.Release|x86.ActiveCfg = Release|Any CPU
		{E1649FA4-207B-4297-B879-0FEE20DE1619}.Release|x86.Build.0 = Release|Any CPU
		{75D2917C-1EEA-4EB4-8A7A-BBDD89E17D1F}.Debug|Any CPU.ActiveCfg = Debug|Any CPU
		{75D2917C-1EEA-4EB4-8A7A-BBDD89E17D1F}.Debug|Any CPU.Build.0 = Debug|Any CPU
		{75D2917C-1EEA-4EB4-8A7A-BBDD89E17D1F}.Debug|Mixed Platforms.ActiveCfg = Debug|Any CPU
		{75D2917C-1EEA-4EB4-8A7A-BBDD89E17D1F}.Debug|Mixed Platforms.Build.0 = Debug|Any CPU
		{75D2917C-1EEA-4EB4-8A7A-BBDD89E17D1F}.Debug|x86.ActiveCfg = Debug|Any CPU
		{75D2917C-1EEA-4EB4-8A7A-BBDD89E17D1F}.Debug|x86.Build.0 = Debug|Any CPU
		{75D2917C-1EEA-4EB4-8A7A-BBDD89E17D1F}.Release|Any CPU.ActiveCfg = Release|Any CPU
		{75D2917C-1EEA-4EB4-8A7A-BBDD89E17D1F}.Release|Any CPU.Build.0 = Release|Any CPU
		{75D2917C-1EEA-4EB4-8A7A-BBDD89E17D1F}.Release|Mixed Platforms.ActiveCfg = Release|Any CPU
		{75D2917C-1EEA-4EB4-8A7A-BBDD89E17D1F}.Release|Mixed Platforms.Build.0 = Release|Any CPU
		{75D2917C-1EEA-4EB4-8A7A-BBDD89E17D1F}.Release|x86.ActiveCfg = Release|Any CPU
		{75D2917C-1EEA-4EB4-8A7A-BBDD89E17D1F}.Release|x86.Build.0 = Release|Any CPU
		{343B2BA3-1239-409B-8114-FD4133C338D7}.Debug|Any CPU.ActiveCfg = Debug|Any CPU
		{343B2BA3-1239-409B-8114-FD4133C338D7}.Debug|Any CPU.Build.0 = Debug|Any CPU
		{343B2BA3-1239-409B-8114-FD4133C338D7}.Debug|Mixed Platforms.ActiveCfg = Debug|Any CPU
		{343B2BA3-1239-409B-8114-FD4133C338D7}.Debug|Mixed Platforms.Build.0 = Debug|Any CPU
		{343B2BA3-1239-409B-8114-FD4133C338D7}.Debug|x86.ActiveCfg = Debug|Any CPU
		{343B2BA3-1239-409B-8114-FD4133C338D7}.Debug|x86.Build.0 = Debug|Any CPU
		{343B2BA3-1239-409B-8114-FD4133C338D7}.Release|Any CPU.ActiveCfg = Release|Any CPU
		{343B2BA3-1239-409B-8114-FD4133C338D7}.Release|Any CPU.Build.0 = Release|Any CPU
		{343B2BA3-1239-409B-8114-FD4133C338D7}.Release|Mixed Platforms.ActiveCfg = Release|Any CPU
		{343B2BA3-1239-409B-8114-FD4133C338D7}.Release|Mixed Platforms.Build.0 = Release|Any CPU
		{343B2BA3-1239-409B-8114-FD4133C338D7}.Release|x86.ActiveCfg = Release|Any CPU
		{343B2BA3-1239-409B-8114-FD4133C338D7}.Release|x86.Build.0 = Release|Any CPU
		{34EE335A-110A-46B3-97E8-C4063E05FE5C}.Debug|Any CPU.ActiveCfg = Debug|Any CPU
		{34EE335A-110A-46B3-97E8-C4063E05FE5C}.Debug|Any CPU.Build.0 = Debug|Any CPU
		{34EE335A-110A-46B3-97E8-C4063E05FE5C}.Debug|Mixed Platforms.ActiveCfg = Debug|Any CPU
		{34EE335A-110A-46B3-97E8-C4063E05FE5C}.Debug|Mixed Platforms.Build.0 = Debug|Any CPU
		{34EE335A-110A-46B3-97E8-C4063E05FE5C}.Debug|x86.ActiveCfg = Debug|Any CPU
		{34EE335A-110A-46B3-97E8-C4063E05FE5C}.Debug|x86.Build.0 = Debug|Any CPU
		{34EE335A-110A-46B3-97E8-C4063E05FE5C}.Release|Any CPU.ActiveCfg = Release|Any CPU
		{34EE335A-110A-46B3-97E8-C4063E05FE5C}.Release|Any CPU.Build.0 = Release|Any CPU
		{34EE335A-110A-46B3-97E8-C4063E05FE5C}.Release|Mixed Platforms.ActiveCfg = Release|Any CPU
		{34EE335A-110A-46B3-97E8-C4063E05FE5C}.Release|Mixed Platforms.Build.0 = Release|Any CPU
		{34EE335A-110A-46B3-97E8-C4063E05FE5C}.Release|x86.ActiveCfg = Release|Any CPU
		{34EE335A-110A-46B3-97E8-C4063E05FE5C}.Release|x86.Build.0 = Release|Any CPU
		{EF702FDA-7A50-4E16-A9A7-3921832A5ADB}.Debug|Any CPU.ActiveCfg = Debug|Any CPU
		{EF702FDA-7A50-4E16-A9A7-3921832A5ADB}.Debug|Any CPU.Build.0 = Debug|Any CPU
		{EF702FDA-7A50-4E16-A9A7-3921832A5ADB}.Debug|Mixed Platforms.ActiveCfg = Debug|Any CPU
		{EF702FDA-7A50-4E16-A9A7-3921832A5ADB}.Debug|Mixed Platforms.Build.0 = Debug|Any CPU
		{EF702FDA-7A50-4E16-A9A7-3921832A5ADB}.Debug|x86.ActiveCfg = Debug|Any CPU
		{EF702FDA-7A50-4E16-A9A7-3921832A5ADB}.Debug|x86.Build.0 = Debug|Any CPU
		{EF702FDA-7A50-4E16-A9A7-3921832A5ADB}.Release|Any CPU.ActiveCfg = Release|Any CPU
		{EF702FDA-7A50-4E16-A9A7-3921832A5ADB}.Release|Any CPU.Build.0 = Release|Any CPU
		{EF702FDA-7A50-4E16-A9A7-3921832A5ADB}.Release|Mixed Platforms.ActiveCfg = Release|Any CPU
		{EF702FDA-7A50-4E16-A9A7-3921832A5ADB}.Release|Mixed Platforms.Build.0 = Release|Any CPU
		{EF702FDA-7A50-4E16-A9A7-3921832A5ADB}.Release|x86.ActiveCfg = Release|Any CPU
		{EF702FDA-7A50-4E16-A9A7-3921832A5ADB}.Release|x86.Build.0 = Release|Any CPU
		{DBF6ABF9-3B24-4584-AB8C-F2BB20028E24}.Debug|Any CPU.ActiveCfg = Debug|Any CPU
		{DBF6ABF9-3B24-4584-AB8C-F2BB20028E24}.Debug|Any CPU.Build.0 = Debug|Any CPU
		{DBF6ABF9-3B24-4584-AB8C-F2BB20028E24}.Debug|Mixed Platforms.ActiveCfg = Debug|Any CPU
		{DBF6ABF9-3B24-4584-AB8C-F2BB20028E24}.Debug|Mixed Platforms.Build.0 = Debug|Any CPU
		{DBF6ABF9-3B24-4584-AB8C-F2BB20028E24}.Debug|x86.ActiveCfg = Debug|Any CPU
		{DBF6ABF9-3B24-4584-AB8C-F2BB20028E24}.Debug|x86.Build.0 = Debug|Any CPU
		{DBF6ABF9-3B24-4584-AB8C-F2BB20028E24}.Release|Any CPU.ActiveCfg = Release|Any CPU
		{DBF6ABF9-3B24-4584-AB8C-F2BB20028E24}.Release|Any CPU.Build.0 = Release|Any CPU
		{DBF6ABF9-3B24-4584-AB8C-F2BB20028E24}.Release|Mixed Platforms.ActiveCfg = Release|Any CPU
		{DBF6ABF9-3B24-4584-AB8C-F2BB20028E24}.Release|Mixed Platforms.Build.0 = Release|Any CPU
		{DBF6ABF9-3B24-4584-AB8C-F2BB20028E24}.Release|x86.ActiveCfg = Release|Any CPU
		{DBF6ABF9-3B24-4584-AB8C-F2BB20028E24}.Release|x86.Build.0 = Release|Any CPU
		{AB82991A-EBF5-4ED5-BC9D-A556F2EC61EC}.Debug|Any CPU.ActiveCfg = Debug|Any CPU
		{AB82991A-EBF5-4ED5-BC9D-A556F2EC61EC}.Debug|Any CPU.Build.0 = Debug|Any CPU
		{AB82991A-EBF5-4ED5-BC9D-A556F2EC61EC}.Debug|Mixed Platforms.ActiveCfg = Debug|Any CPU
		{AB82991A-EBF5-4ED5-BC9D-A556F2EC61EC}.Debug|Mixed Platforms.Build.0 = Debug|Any CPU
		{AB82991A-EBF5-4ED5-BC9D-A556F2EC61EC}.Debug|x86.ActiveCfg = Debug|Any CPU
		{AB82991A-EBF5-4ED5-BC9D-A556F2EC61EC}.Debug|x86.Build.0 = Debug|Any CPU
		{AB82991A-EBF5-4ED5-BC9D-A556F2EC61EC}.Release|Any CPU.ActiveCfg = Release|Any CPU
		{AB82991A-EBF5-4ED5-BC9D-A556F2EC61EC}.Release|Any CPU.Build.0 = Release|Any CPU
		{AB82991A-EBF5-4ED5-BC9D-A556F2EC61EC}.Release|Mixed Platforms.ActiveCfg = Release|Any CPU
		{AB82991A-EBF5-4ED5-BC9D-A556F2EC61EC}.Release|Mixed Platforms.Build.0 = Release|Any CPU
		{AB82991A-EBF5-4ED5-BC9D-A556F2EC61EC}.Release|x86.ActiveCfg = Release|Any CPU
		{AB82991A-EBF5-4ED5-BC9D-A556F2EC61EC}.Release|x86.Build.0 = Release|Any CPU
		{44535B6C-2B55-4976-AC4A-DEF45F04BAFD}.Debug|Any CPU.ActiveCfg = Debug|Any CPU
		{44535B6C-2B55-4976-AC4A-DEF45F04BAFD}.Debug|Any CPU.Build.0 = Debug|Any CPU
		{44535B6C-2B55-4976-AC4A-DEF45F04BAFD}.Debug|Mixed Platforms.ActiveCfg = Debug|Any CPU
		{44535B6C-2B55-4976-AC4A-DEF45F04BAFD}.Debug|Mixed Platforms.Build.0 = Debug|Any CPU
		{44535B6C-2B55-4976-AC4A-DEF45F04BAFD}.Debug|x86.ActiveCfg = Debug|Any CPU
		{44535B6C-2B55-4976-AC4A-DEF45F04BAFD}.Debug|x86.Build.0 = Debug|Any CPU
		{44535B6C-2B55-4976-AC4A-DEF45F04BAFD}.Release|Any CPU.ActiveCfg = Release|Any CPU
		{44535B6C-2B55-4976-AC4A-DEF45F04BAFD}.Release|Any CPU.Build.0 = Release|Any CPU
		{44535B6C-2B55-4976-AC4A-DEF45F04BAFD}.Release|Mixed Platforms.ActiveCfg = Release|Any CPU
		{44535B6C-2B55-4976-AC4A-DEF45F04BAFD}.Release|Mixed Platforms.Build.0 = Release|Any CPU
		{44535B6C-2B55-4976-AC4A-DEF45F04BAFD}.Release|x86.ActiveCfg = Release|Any CPU
		{44535B6C-2B55-4976-AC4A-DEF45F04BAFD}.Release|x86.Build.0 = Release|Any CPU
		{F96ECBBF-80A7-48BE-A25A-8A4362236F06}.Debug|Any CPU.ActiveCfg = Debug|Any CPU
		{F96ECBBF-80A7-48BE-A25A-8A4362236F06}.Debug|Any CPU.Build.0 = Debug|Any CPU
		{F96ECBBF-80A7-48BE-A25A-8A4362236F06}.Debug|Mixed Platforms.ActiveCfg = Debug|Any CPU
		{F96ECBBF-80A7-48BE-A25A-8A4362236F06}.Debug|Mixed Platforms.Build.0 = Debug|Any CPU
		{F96ECBBF-80A7-48BE-A25A-8A4362236F06}.Debug|x86.ActiveCfg = Debug|Any CPU
		{F96ECBBF-80A7-48BE-A25A-8A4362236F06}.Debug|x86.Build.0 = Debug|Any CPU
		{F96ECBBF-80A7-48BE-A25A-8A4362236F06}.Release|Any CPU.ActiveCfg = Release|Any CPU
		{F96ECBBF-80A7-48BE-A25A-8A4362236F06}.Release|Any CPU.Build.0 = Release|Any CPU
		{F96ECBBF-80A7-48BE-A25A-8A4362236F06}.Release|Mixed Platforms.ActiveCfg = Release|Any CPU
		{F96ECBBF-80A7-48BE-A25A-8A4362236F06}.Release|Mixed Platforms.Build.0 = Release|Any CPU
		{F96ECBBF-80A7-48BE-A25A-8A4362236F06}.Release|x86.ActiveCfg = Release|Any CPU
		{F96ECBBF-80A7-48BE-A25A-8A4362236F06}.Release|x86.Build.0 = Release|Any CPU
		{3DBF961A-DF10-48CE-98BB-6DE7BB1334FD}.Debug|Any CPU.ActiveCfg = Debug|Any CPU
		{3DBF961A-DF10-48CE-98BB-6DE7BB1334FD}.Debug|Any CPU.Build.0 = Debug|Any CPU
		{3DBF961A-DF10-48CE-98BB-6DE7BB1334FD}.Debug|Mixed Platforms.ActiveCfg = Debug|Any CPU
		{3DBF961A-DF10-48CE-98BB-6DE7BB1334FD}.Debug|Mixed Platforms.Build.0 = Debug|Any CPU
		{3DBF961A-DF10-48CE-98BB-6DE7BB1334FD}.Debug|x86.ActiveCfg = Debug|Any CPU
		{3DBF961A-DF10-48CE-98BB-6DE7BB1334FD}.Debug|x86.Build.0 = Debug|Any CPU
		{3DBF961A-DF10-48CE-98BB-6DE7BB1334FD}.Release|Any CPU.ActiveCfg = Release|Any CPU
		{3DBF961A-DF10-48CE-98BB-6DE7BB1334FD}.Release|Any CPU.Build.0 = Release|Any CPU
		{3DBF961A-DF10-48CE-98BB-6DE7BB1334FD}.Release|Mixed Platforms.ActiveCfg = Release|Any CPU
		{3DBF961A-DF10-48CE-98BB-6DE7BB1334FD}.Release|Mixed Platforms.Build.0 = Release|Any CPU
		{3DBF961A-DF10-48CE-98BB-6DE7BB1334FD}.Release|x86.ActiveCfg = Release|Any CPU
		{3DBF961A-DF10-48CE-98BB-6DE7BB1334FD}.Release|x86.Build.0 = Release|Any CPU
		{5ACEAA30-CFF2-4A36-B07F-370CF007B44F}.Debug|Any CPU.ActiveCfg = Debug|Any CPU
		{5ACEAA30-CFF2-4A36-B07F-370CF007B44F}.Debug|Any CPU.Build.0 = Debug|Any CPU
		{5ACEAA30-CFF2-4A36-B07F-370CF007B44F}.Debug|Mixed Platforms.ActiveCfg = Debug|Any CPU
		{5ACEAA30-CFF2-4A36-B07F-370CF007B44F}.Debug|Mixed Platforms.Build.0 = Debug|Any CPU
		{5ACEAA30-CFF2-4A36-B07F-370CF007B44F}.Debug|x86.ActiveCfg = Debug|Any CPU
		{5ACEAA30-CFF2-4A36-B07F-370CF007B44F}.Debug|x86.Build.0 = Debug|Any CPU
		{5ACEAA30-CFF2-4A36-B07F-370CF007B44F}.Release|Any CPU.ActiveCfg = Release|Any CPU
		{5ACEAA30-CFF2-4A36-B07F-370CF007B44F}.Release|Any CPU.Build.0 = Release|Any CPU
		{5ACEAA30-CFF2-4A36-B07F-370CF007B44F}.Release|Mixed Platforms.ActiveCfg = Release|Any CPU
		{5ACEAA30-CFF2-4A36-B07F-370CF007B44F}.Release|Mixed Platforms.Build.0 = Release|Any CPU
		{5ACEAA30-CFF2-4A36-B07F-370CF007B44F}.Release|x86.ActiveCfg = Release|Any CPU
		{5ACEAA30-CFF2-4A36-B07F-370CF007B44F}.Release|x86.Build.0 = Release|Any CPU
		{F3E78955-6F8F-47DC-94CD-CA93EA3CC56C}.Debug|Any CPU.ActiveCfg = Debug|Any CPU
		{F3E78955-6F8F-47DC-94CD-CA93EA3CC56C}.Debug|Any CPU.Build.0 = Debug|Any CPU
		{F3E78955-6F8F-47DC-94CD-CA93EA3CC56C}.Debug|Mixed Platforms.ActiveCfg = Debug|Any CPU
		{F3E78955-6F8F-47DC-94CD-CA93EA3CC56C}.Debug|Mixed Platforms.Build.0 = Debug|Any CPU
		{F3E78955-6F8F-47DC-94CD-CA93EA3CC56C}.Debug|x86.ActiveCfg = Debug|Any CPU
		{F3E78955-6F8F-47DC-94CD-CA93EA3CC56C}.Debug|x86.Build.0 = Debug|Any CPU
		{F3E78955-6F8F-47DC-94CD-CA93EA3CC56C}.Release|Any CPU.ActiveCfg = Release|Any CPU
		{F3E78955-6F8F-47DC-94CD-CA93EA3CC56C}.Release|Any CPU.Build.0 = Release|Any CPU
		{F3E78955-6F8F-47DC-94CD-CA93EA3CC56C}.Release|Mixed Platforms.ActiveCfg = Release|Any CPU
		{F3E78955-6F8F-47DC-94CD-CA93EA3CC56C}.Release|Mixed Platforms.Build.0 = Release|Any CPU
		{F3E78955-6F8F-47DC-94CD-CA93EA3CC56C}.Release|x86.ActiveCfg = Release|Any CPU
		{F3E78955-6F8F-47DC-94CD-CA93EA3CC56C}.Release|x86.Build.0 = Release|Any CPU
		{43629E9F-FD6E-465F-88C5-352CAC6E08D8}.Debug|Any CPU.ActiveCfg = Debug|Any CPU
		{43629E9F-FD6E-465F-88C5-352CAC6E08D8}.Debug|Any CPU.Build.0 = Debug|Any CPU
		{43629E9F-FD6E-465F-88C5-352CAC6E08D8}.Debug|Mixed Platforms.ActiveCfg = Debug|Any CPU
		{43629E9F-FD6E-465F-88C5-352CAC6E08D8}.Debug|Mixed Platforms.Build.0 = Debug|Any CPU
		{43629E9F-FD6E-465F-88C5-352CAC6E08D8}.Debug|x86.ActiveCfg = Debug|Any CPU
		{43629E9F-FD6E-465F-88C5-352CAC6E08D8}.Debug|x86.Build.0 = Debug|Any CPU
		{43629E9F-FD6E-465F-88C5-352CAC6E08D8}.Release|Any CPU.ActiveCfg = Release|Any CPU
		{43629E9F-FD6E-465F-88C5-352CAC6E08D8}.Release|Any CPU.Build.0 = Release|Any CPU
		{43629E9F-FD6E-465F-88C5-352CAC6E08D8}.Release|Mixed Platforms.ActiveCfg = Release|Any CPU
		{43629E9F-FD6E-465F-88C5-352CAC6E08D8}.Release|Mixed Platforms.Build.0 = Release|Any CPU
		{43629E9F-FD6E-465F-88C5-352CAC6E08D8}.Release|x86.ActiveCfg = Release|Any CPU
		{43629E9F-FD6E-465F-88C5-352CAC6E08D8}.Release|x86.Build.0 = Release|Any CPU
		{2D252749-1019-40D5-82A2-4EA912AD0BC0}.Debug|Any CPU.ActiveCfg = Debug|Any CPU
		{2D252749-1019-40D5-82A2-4EA912AD0BC0}.Debug|Any CPU.Build.0 = Debug|Any CPU
		{2D252749-1019-40D5-82A2-4EA912AD0BC0}.Debug|Mixed Platforms.ActiveCfg = Debug|Any CPU
		{2D252749-1019-40D5-82A2-4EA912AD0BC0}.Debug|Mixed Platforms.Build.0 = Debug|Any CPU
		{2D252749-1019-40D5-82A2-4EA912AD0BC0}.Debug|x86.ActiveCfg = Debug|Any CPU
		{2D252749-1019-40D5-82A2-4EA912AD0BC0}.Debug|x86.Build.0 = Debug|Any CPU
		{2D252749-1019-40D5-82A2-4EA912AD0BC0}.Release|Any CPU.ActiveCfg = Release|Any CPU
		{2D252749-1019-40D5-82A2-4EA912AD0BC0}.Release|Any CPU.Build.0 = Release|Any CPU
		{2D252749-1019-40D5-82A2-4EA912AD0BC0}.Release|Mixed Platforms.ActiveCfg = Release|Any CPU
		{2D252749-1019-40D5-82A2-4EA912AD0BC0}.Release|Mixed Platforms.Build.0 = Release|Any CPU
		{2D252749-1019-40D5-82A2-4EA912AD0BC0}.Release|x86.ActiveCfg = Release|Any CPU
		{2D252749-1019-40D5-82A2-4EA912AD0BC0}.Release|x86.Build.0 = Release|Any CPU
		{2C10F667-0821-45BE-A241-DFEE00260190}.Debug|Any CPU.ActiveCfg = Debug|Any CPU
		{2C10F667-0821-45BE-A241-DFEE00260190}.Debug|Any CPU.Build.0 = Debug|Any CPU
		{2C10F667-0821-45BE-A241-DFEE00260190}.Debug|Mixed Platforms.ActiveCfg = Debug|Any CPU
		{2C10F667-0821-45BE-A241-DFEE00260190}.Debug|Mixed Platforms.Build.0 = Debug|Any CPU
		{2C10F667-0821-45BE-A241-DFEE00260190}.Debug|x86.ActiveCfg = Debug|Any CPU
		{2C10F667-0821-45BE-A241-DFEE00260190}.Debug|x86.Build.0 = Debug|Any CPU
		{2C10F667-0821-45BE-A241-DFEE00260190}.Release|Any CPU.ActiveCfg = Release|Any CPU
		{2C10F667-0821-45BE-A241-DFEE00260190}.Release|Any CPU.Build.0 = Release|Any CPU
		{2C10F667-0821-45BE-A241-DFEE00260190}.Release|Mixed Platforms.ActiveCfg = Release|Any CPU
		{2C10F667-0821-45BE-A241-DFEE00260190}.Release|Mixed Platforms.Build.0 = Release|Any CPU
		{2C10F667-0821-45BE-A241-DFEE00260190}.Release|x86.ActiveCfg = Release|Any CPU
		{2C10F667-0821-45BE-A241-DFEE00260190}.Release|x86.Build.0 = Release|Any CPU
		{424F33DD-5812-4E85-AB9B-74B65275B310}.Debug|Any CPU.ActiveCfg = Debug|Any CPU
		{424F33DD-5812-4E85-AB9B-74B65275B310}.Debug|Any CPU.Build.0 = Debug|Any CPU
		{424F33DD-5812-4E85-AB9B-74B65275B310}.Debug|Mixed Platforms.ActiveCfg = Debug|Any CPU
		{424F33DD-5812-4E85-AB9B-74B65275B310}.Debug|Mixed Platforms.Build.0 = Debug|Any CPU
		{424F33DD-5812-4E85-AB9B-74B65275B310}.Debug|x86.ActiveCfg = Debug|Any CPU
		{424F33DD-5812-4E85-AB9B-74B65275B310}.Debug|x86.Build.0 = Debug|Any CPU
		{424F33DD-5812-4E85-AB9B-74B65275B310}.Release|Any CPU.ActiveCfg = Release|Any CPU
		{424F33DD-5812-4E85-AB9B-74B65275B310}.Release|Any CPU.Build.0 = Release|Any CPU
		{424F33DD-5812-4E85-AB9B-74B65275B310}.Release|Mixed Platforms.ActiveCfg = Release|Any CPU
		{424F33DD-5812-4E85-AB9B-74B65275B310}.Release|Mixed Platforms.Build.0 = Release|Any CPU
		{424F33DD-5812-4E85-AB9B-74B65275B310}.Release|x86.ActiveCfg = Release|Any CPU
		{424F33DD-5812-4E85-AB9B-74B65275B310}.Release|x86.Build.0 = Release|Any CPU
		{9E4B0C59-472D-4743-857A-1936B182409C}.Debug|Any CPU.ActiveCfg = Debug|Any CPU
		{9E4B0C59-472D-4743-857A-1936B182409C}.Debug|Any CPU.Build.0 = Debug|Any CPU
		{9E4B0C59-472D-4743-857A-1936B182409C}.Debug|Mixed Platforms.ActiveCfg = Debug|Any CPU
		{9E4B0C59-472D-4743-857A-1936B182409C}.Debug|Mixed Platforms.Build.0 = Debug|Any CPU
		{9E4B0C59-472D-4743-857A-1936B182409C}.Debug|x86.ActiveCfg = Debug|Any CPU
		{9E4B0C59-472D-4743-857A-1936B182409C}.Debug|x86.Build.0 = Debug|Any CPU
		{9E4B0C59-472D-4743-857A-1936B182409C}.Release|Any CPU.ActiveCfg = Release|Any CPU
		{9E4B0C59-472D-4743-857A-1936B182409C}.Release|Any CPU.Build.0 = Release|Any CPU
		{9E4B0C59-472D-4743-857A-1936B182409C}.Release|Mixed Platforms.ActiveCfg = Release|Any CPU
		{9E4B0C59-472D-4743-857A-1936B182409C}.Release|Mixed Platforms.Build.0 = Release|Any CPU
		{9E4B0C59-472D-4743-857A-1936B182409C}.Release|x86.ActiveCfg = Release|Any CPU
		{9E4B0C59-472D-4743-857A-1936B182409C}.Release|x86.Build.0 = Release|Any CPU
		{864C3EC1-9D56-4BAA-8DD3-55267E121418}.Debug|Any CPU.ActiveCfg = Debug|Any CPU
		{864C3EC1-9D56-4BAA-8DD3-55267E121418}.Debug|Any CPU.Build.0 = Debug|Any CPU
		{864C3EC1-9D56-4BAA-8DD3-55267E121418}.Debug|Mixed Platforms.ActiveCfg = Debug|Any CPU
		{864C3EC1-9D56-4BAA-8DD3-55267E121418}.Debug|Mixed Platforms.Build.0 = Debug|Any CPU
		{864C3EC1-9D56-4BAA-8DD3-55267E121418}.Debug|x86.ActiveCfg = Debug|Any CPU
		{864C3EC1-9D56-4BAA-8DD3-55267E121418}.Debug|x86.Build.0 = Debug|Any CPU
		{864C3EC1-9D56-4BAA-8DD3-55267E121418}.Release|Any CPU.ActiveCfg = Release|Any CPU
		{864C3EC1-9D56-4BAA-8DD3-55267E121418}.Release|Any CPU.Build.0 = Release|Any CPU
		{864C3EC1-9D56-4BAA-8DD3-55267E121418}.Release|Mixed Platforms.ActiveCfg = Release|Any CPU
		{864C3EC1-9D56-4BAA-8DD3-55267E121418}.Release|Mixed Platforms.Build.0 = Release|Any CPU
		{864C3EC1-9D56-4BAA-8DD3-55267E121418}.Release|x86.ActiveCfg = Release|Any CPU
		{864C3EC1-9D56-4BAA-8DD3-55267E121418}.Release|x86.Build.0 = Release|Any CPU
		{2F98EAE9-4054-479E-A62A-CBCA56899026}.Debug|Any CPU.ActiveCfg = Debug|Any CPU
		{2F98EAE9-4054-479E-A62A-CBCA56899026}.Debug|Any CPU.Build.0 = Debug|Any CPU
		{2F98EAE9-4054-479E-A62A-CBCA56899026}.Debug|Mixed Platforms.ActiveCfg = Debug|Any CPU
		{2F98EAE9-4054-479E-A62A-CBCA56899026}.Debug|Mixed Platforms.Build.0 = Debug|Any CPU
		{2F98EAE9-4054-479E-A62A-CBCA56899026}.Debug|x86.ActiveCfg = Debug|Any CPU
		{2F98EAE9-4054-479E-A62A-CBCA56899026}.Debug|x86.Build.0 = Debug|Any CPU
		{2F98EAE9-4054-479E-A62A-CBCA56899026}.Release|Any CPU.ActiveCfg = Release|Any CPU
		{2F98EAE9-4054-479E-A62A-CBCA56899026}.Release|Any CPU.Build.0 = Release|Any CPU
		{2F98EAE9-4054-479E-A62A-CBCA56899026}.Release|Mixed Platforms.ActiveCfg = Release|Any CPU
		{2F98EAE9-4054-479E-A62A-CBCA56899026}.Release|Mixed Platforms.Build.0 = Release|Any CPU
		{2F98EAE9-4054-479E-A62A-CBCA56899026}.Release|x86.ActiveCfg = Release|Any CPU
		{2F98EAE9-4054-479E-A62A-CBCA56899026}.Release|x86.Build.0 = Release|Any CPU
		{4331BB75-4833-46E6-88B5-3BF304F60428}.Debug|Any CPU.ActiveCfg = Debug|Any CPU
		{4331BB75-4833-46E6-88B5-3BF304F60428}.Debug|Any CPU.Build.0 = Debug|Any CPU
		{4331BB75-4833-46E6-88B5-3BF304F60428}.Debug|Mixed Platforms.ActiveCfg = Debug|Any CPU
		{4331BB75-4833-46E6-88B5-3BF304F60428}.Debug|Mixed Platforms.Build.0 = Debug|Any CPU
		{4331BB75-4833-46E6-88B5-3BF304F60428}.Debug|x86.ActiveCfg = Debug|Any CPU
		{4331BB75-4833-46E6-88B5-3BF304F60428}.Debug|x86.Build.0 = Debug|Any CPU
		{4331BB75-4833-46E6-88B5-3BF304F60428}.Release|Any CPU.ActiveCfg = Release|Any CPU
		{4331BB75-4833-46E6-88B5-3BF304F60428}.Release|Any CPU.Build.0 = Release|Any CPU
		{4331BB75-4833-46E6-88B5-3BF304F60428}.Release|Mixed Platforms.ActiveCfg = Release|Any CPU
		{4331BB75-4833-46E6-88B5-3BF304F60428}.Release|Mixed Platforms.Build.0 = Release|Any CPU
		{4331BB75-4833-46E6-88B5-3BF304F60428}.Release|x86.ActiveCfg = Release|Any CPU
		{4331BB75-4833-46E6-88B5-3BF304F60428}.Release|x86.Build.0 = Release|Any CPU
		{480FB752-99B7-444F-A44C-5321FD831B18}.Debug|Any CPU.ActiveCfg = Debug|Any CPU
		{480FB752-99B7-444F-A44C-5321FD831B18}.Debug|Any CPU.Build.0 = Debug|Any CPU
		{480FB752-99B7-444F-A44C-5321FD831B18}.Debug|Mixed Platforms.ActiveCfg = Debug|Any CPU
		{480FB752-99B7-444F-A44C-5321FD831B18}.Debug|Mixed Platforms.Build.0 = Debug|Any CPU
		{480FB752-99B7-444F-A44C-5321FD831B18}.Debug|x86.ActiveCfg = Debug|Any CPU
		{480FB752-99B7-444F-A44C-5321FD831B18}.Debug|x86.Build.0 = Debug|Any CPU
		{480FB752-99B7-444F-A44C-5321FD831B18}.Release|Any CPU.ActiveCfg = Release|Any CPU
		{480FB752-99B7-444F-A44C-5321FD831B18}.Release|Any CPU.Build.0 = Release|Any CPU
		{480FB752-99B7-444F-A44C-5321FD831B18}.Release|Mixed Platforms.ActiveCfg = Release|Any CPU
		{480FB752-99B7-444F-A44C-5321FD831B18}.Release|Mixed Platforms.Build.0 = Release|Any CPU
		{480FB752-99B7-444F-A44C-5321FD831B18}.Release|x86.ActiveCfg = Release|Any CPU
		{480FB752-99B7-444F-A44C-5321FD831B18}.Release|x86.Build.0 = Release|Any CPU
		{C1E3161C-95BB-4C4B-AD93-35BFBBD6F925}.Debug|Any CPU.ActiveCfg = Debug|Any CPU
		{C1E3161C-95BB-4C4B-AD93-35BFBBD6F925}.Debug|Any CPU.Build.0 = Debug|Any CPU
		{C1E3161C-95BB-4C4B-AD93-35BFBBD6F925}.Debug|Mixed Platforms.ActiveCfg = Debug|Any CPU
		{C1E3161C-95BB-4C4B-AD93-35BFBBD6F925}.Debug|Mixed Platforms.Build.0 = Debug|Any CPU
		{C1E3161C-95BB-4C4B-AD93-35BFBBD6F925}.Debug|x86.ActiveCfg = Debug|Any CPU
		{C1E3161C-95BB-4C4B-AD93-35BFBBD6F925}.Debug|x86.Build.0 = Debug|Any CPU
		{C1E3161C-95BB-4C4B-AD93-35BFBBD6F925}.Release|Any CPU.ActiveCfg = Release|Any CPU
		{C1E3161C-95BB-4C4B-AD93-35BFBBD6F925}.Release|Any CPU.Build.0 = Release|Any CPU
		{C1E3161C-95BB-4C4B-AD93-35BFBBD6F925}.Release|Mixed Platforms.ActiveCfg = Release|Any CPU
		{C1E3161C-95BB-4C4B-AD93-35BFBBD6F925}.Release|Mixed Platforms.Build.0 = Release|Any CPU
		{C1E3161C-95BB-4C4B-AD93-35BFBBD6F925}.Release|x86.ActiveCfg = Release|Any CPU
		{C1E3161C-95BB-4C4B-AD93-35BFBBD6F925}.Release|x86.Build.0 = Release|Any CPU
	EndGlobalSection
	GlobalSection(SolutionProperties) = preSolution
		HideSolutionNode = FALSE
	EndGlobalSection
	GlobalSection(ExtensibilityGlobals) = postSolution
		SolutionGuid = {497916B6-60AE-4645-A43A-C346230B5C8C}
	EndGlobalSection
EndGlobal
