
Microsoft Visual Studio Solution File, Format Version 12.00
# Visual Studio Version 16
VisualStudioVersion = 16.0.31025.194
MinimumVisualStudioVersion = 10.0.40219.1
Project("{FAE04EC0-301F-11D3-BF4B-00C04F79EFBC}") = "Linq", "Linq\Linq.csproj", "{977511D1-4E9B-477D-93CB-C8ECF1A8511B}"
EndProject
Project("{FAE04EC0-301F-11D3-BF4B-00C04F79EFBC}") = "Modelo", "Modelo\Modelo.csproj", "{8C2078A9-C0BB-49FC-8B3A-7C545CE84912}"
EndProject
Global
	GlobalSection(SolutionConfigurationPlatforms) = preSolution
		Debug|Any CPU = Debug|Any CPU
		Release|Any CPU = Release|Any CPU
	EndGlobalSection
	GlobalSection(ProjectConfigurationPlatforms) = postSolution
		{977511D1-4E9B-477D-93CB-C8ECF1A8511B}.Debug|Any CPU.ActiveCfg = Debug|Any CPU
		{977511D1-4E9B-477D-93CB-C8ECF1A8511B}.Debug|Any CPU.Build.0 = Debug|Any CPU
		{977511D1-4E9B-477D-93CB-C8ECF1A8511B}.Release|Any CPU.ActiveCfg = Release|Any CPU
		{977511D1-4E9B-477D-93CB-C8ECF1A8511B}.Release|Any CPU.Build.0 = Release|Any CPU
		{8C2078A9-C0BB-49FC-8B3A-7C545CE84912}.Debug|Any CPU.ActiveCfg = Debug|Any CPU
		{8C2078A9-C0BB-49FC-8B3A-7C545CE84912}.Debug|Any CPU.Build.0 = Debug|Any CPU
		{8C2078A9-C0BB-49FC-8B3A-7C545CE84912}.Release|Any CPU.ActiveCfg = Release|Any CPU
		{8C2078A9-C0BB-49FC-8B3A-7C545CE84912}.Release|Any CPU.Build.0 = Release|Any CPU
	EndGlobalSection
	GlobalSection(SolutionProperties) = preSolution
		HideSolutionNode = FALSE
	EndGlobalSection
	GlobalSection(ExtensibilityGlobals) = postSolution
		SolutionGuid = {BBBC9BAA-242C-462C-978D-C78CDDDF7BCA}
	EndGlobalSection
EndGlobal
