
Microsoft Visual Studio Solution File, Format Version 12.00
# Visual Studio Version 16
VisualStudioVersion = 16.0.31025.194
MinimumVisualStudioVersion = 10.0.40219.1
Project("{FAE04EC0-301F-11D3-BF4B-00C04F79EFBC}") = "ProgramacionPorContratos", "ProgramacionPorContratos\ProgramacionPorContratos.csproj", "{CCC35C87-4049-4988-AE13-04A80FC5679E}"
EndProject
Project("{FAE04EC0-301F-11D3-BF4B-00C04F79EFBC}") = "Modelo", "Modelo\Modelo.csproj", "{FA61717E-8A98-4DA3-90BF-0E1CD3D76EC1}"
EndProject
Project("{FAE04EC0-301F-11D3-BF4B-00C04F79EFBC}") = "HerenciaPolimorfismo", "HerenciaPolimorfismo\HerenciaPolimorfismo.csproj", "{F05D6B0A-E741-4C2F-A0DB-66B89580C810}"
EndProject
Global
	GlobalSection(SolutionConfigurationPlatforms) = preSolution
		Debug|Any CPU = Debug|Any CPU
		Release|Any CPU = Release|Any CPU
	EndGlobalSection
	GlobalSection(ProjectConfigurationPlatforms) = postSolution
		{CCC35C87-4049-4988-AE13-04A80FC5679E}.Debug|Any CPU.ActiveCfg = Debug|Any CPU
		{CCC35C87-4049-4988-AE13-04A80FC5679E}.Debug|Any CPU.Build.0 = Debug|Any CPU
		{CCC35C87-4049-4988-AE13-04A80FC5679E}.Release|Any CPU.ActiveCfg = Release|Any CPU
		{CCC35C87-4049-4988-AE13-04A80FC5679E}.Release|Any CPU.Build.0 = Release|Any CPU
		{FA61717E-8A98-4DA3-90BF-0E1CD3D76EC1}.Debug|Any CPU.ActiveCfg = Debug|Any CPU
		{FA61717E-8A98-4DA3-90BF-0E1CD3D76EC1}.Debug|Any CPU.Build.0 = Debug|Any CPU
		{FA61717E-8A98-4DA3-90BF-0E1CD3D76EC1}.Release|Any CPU.ActiveCfg = Release|Any CPU
		{FA61717E-8A98-4DA3-90BF-0E1CD3D76EC1}.Release|Any CPU.Build.0 = Release|Any CPU
		{F05D6B0A-E741-4C2F-A0DB-66B89580C810}.Debug|Any CPU.ActiveCfg = Debug|Any CPU
		{F05D6B0A-E741-4C2F-A0DB-66B89580C810}.Debug|Any CPU.Build.0 = Debug|Any CPU
		{F05D6B0A-E741-4C2F-A0DB-66B89580C810}.Release|Any CPU.ActiveCfg = Release|Any CPU
		{F05D6B0A-E741-4C2F-A0DB-66B89580C810}.Release|Any CPU.Build.0 = Release|Any CPU
	EndGlobalSection
	GlobalSection(SolutionProperties) = preSolution
		HideSolutionNode = FALSE
	EndGlobalSection
	GlobalSection(ExtensibilityGlobals) = postSolution
		SolutionGuid = {B3A9ABE3-C874-4268-86A6-9AA786205576}
	EndGlobalSection
EndGlobal
