
Microsoft Visual Studio Solution File, Format Version 12.00
# Visual Studio Version 16
VisualStudioVersion = 16.0.31025.194
MinimumVisualStudioVersion = 10.0.40219.1
Project("{FAE04EC0-301F-11D3-BF4B-00C04F79EFBC}") = "Julio2013", "Julio2013\Julio2013.csproj", "{BE442523-6B0D-4DB9-A81D-976D335C1C47}"
EndProject
Global
	GlobalSection(SolutionConfigurationPlatforms) = preSolution
		Debug|Any CPU = Debug|Any CPU
		Release|Any CPU = Release|Any CPU
	EndGlobalSection
	GlobalSection(ProjectConfigurationPlatforms) = postSolution
		{BE442523-6B0D-4DB9-A81D-976D335C1C47}.Debug|Any CPU.ActiveCfg = Debug|Any CPU
		{BE442523-6B0D-4DB9-A81D-976D335C1C47}.Debug|Any CPU.Build.0 = Debug|Any CPU
		{BE442523-6B0D-4DB9-A81D-976D335C1C47}.Release|Any CPU.ActiveCfg = Release|Any CPU
		{BE442523-6B0D-4DB9-A81D-976D335C1C47}.Release|Any CPU.Build.0 = Release|Any CPU
	EndGlobalSection
	GlobalSection(SolutionProperties) = preSolution
		HideSolutionNode = FALSE
	EndGlobalSection
	GlobalSection(ExtensibilityGlobals) = postSolution
		SolutionGuid = {24C6BDF3-598B-47AD-93A1-0E56C5699A6A}
	EndGlobalSection
EndGlobal
