
Microsoft Visual Studio Solution File, Format Version 12.00
# Visual Studio Version 16
VisualStudioVersion = 16.0.31025.194
MinimumVisualStudioVersion = 10.0.40219.1
Project("{FAE04EC0-301F-11D3-BF4B-00C04F79EFBC}") = "MasterWorker", "MasterWorker\MasterWorker.csproj", "{0A174831-43FF-4D7F-BE91-4CC5AEE94E8F}"
EndProject
Project("{FAE04EC0-301F-11D3-BF4B-00C04F79EFBC}") = "Procesos", "Procesos\Procesos.csproj", "{8E063659-BF2B-4E6A-9B6B-AFC8E1239672}"
EndProject
Project("{FAE04EC0-301F-11D3-BF4B-00C04F79EFBC}") = "HilosPOO", "HilosPOO\HilosPOO.csproj", "{F2E173A6-E6E3-473A-8E88-712CC0107107}"
EndProject
Project("{FAE04EC0-301F-11D3-BF4B-00C04F79EFBC}") = "HilosFuncional", "HilosFuncional\HilosFuncional.csproj", "{6CCA4CBA-7569-40E6-A85D-03C73D1C09F8}"
EndProject
Project("{FAE04EC0-301F-11D3-BF4B-00C04F79EFBC}") = "MasterWorkerClase", "MasterWorkerClase\MasterWorkerClase.csproj", "{3A10FB91-AE9C-4F83-B084-D62A11E4EFA2}"
EndProject
Global
	GlobalSection(SolutionConfigurationPlatforms) = preSolution
		Debug|Any CPU = Debug|Any CPU
		Release|Any CPU = Release|Any CPU
	EndGlobalSection
	GlobalSection(ProjectConfigurationPlatforms) = postSolution
		{0A174831-43FF-4D7F-BE91-4CC5AEE94E8F}.Debug|Any CPU.ActiveCfg = Debug|Any CPU
		{0A174831-43FF-4D7F-BE91-4CC5AEE94E8F}.Debug|Any CPU.Build.0 = Debug|Any CPU
		{0A174831-43FF-4D7F-BE91-4CC5AEE94E8F}.Release|Any CPU.ActiveCfg = Release|Any CPU
		{0A174831-43FF-4D7F-BE91-4CC5AEE94E8F}.Release|Any CPU.Build.0 = Release|Any CPU
		{8E063659-BF2B-4E6A-9B6B-AFC8E1239672}.Debug|Any CPU.ActiveCfg = Debug|Any CPU
		{8E063659-BF2B-4E6A-9B6B-AFC8E1239672}.Debug|Any CPU.Build.0 = Debug|Any CPU
		{8E063659-BF2B-4E6A-9B6B-AFC8E1239672}.Release|Any CPU.ActiveCfg = Release|Any CPU
		{8E063659-BF2B-4E6A-9B6B-AFC8E1239672}.Release|Any CPU.Build.0 = Release|Any CPU
		{F2E173A6-E6E3-473A-8E88-712CC0107107}.Debug|Any CPU.ActiveCfg = Debug|Any CPU
		{F2E173A6-E6E3-473A-8E88-712CC0107107}.Debug|Any CPU.Build.0 = Debug|Any CPU
		{F2E173A6-E6E3-473A-8E88-712CC0107107}.Release|Any CPU.ActiveCfg = Release|Any CPU
		{F2E173A6-E6E3-473A-8E88-712CC0107107}.Release|Any CPU.Build.0 = Release|Any CPU
		{6CCA4CBA-7569-40E6-A85D-03C73D1C09F8}.Debug|Any CPU.ActiveCfg = Debug|Any CPU
		{6CCA4CBA-7569-40E6-A85D-03C73D1C09F8}.Debug|Any CPU.Build.0 = Debug|Any CPU
		{6CCA4CBA-7569-40E6-A85D-03C73D1C09F8}.Release|Any CPU.ActiveCfg = Release|Any CPU
		{6CCA4CBA-7569-40E6-A85D-03C73D1C09F8}.Release|Any CPU.Build.0 = Release|Any CPU
		{3A10FB91-AE9C-4F83-B084-D62A11E4EFA2}.Debug|Any CPU.ActiveCfg = Debug|Any CPU
		{3A10FB91-AE9C-4F83-B084-D62A11E4EFA2}.Debug|Any CPU.Build.0 = Debug|Any CPU
		{3A10FB91-AE9C-4F83-B084-D62A11E4EFA2}.Release|Any CPU.ActiveCfg = Release|Any CPU
		{3A10FB91-AE9C-4F83-B084-D62A11E4EFA2}.Release|Any CPU.Build.0 = Release|Any CPU
	EndGlobalSection
	GlobalSection(SolutionProperties) = preSolution
		HideSolutionNode = FALSE
	EndGlobalSection
	GlobalSection(ExtensibilityGlobals) = postSolution
		SolutionGuid = {C21B31BE-C242-4B1F-AB23-5999F9FFA8A8}
	EndGlobalSection
EndGlobal
